// !$*UTF8*$!
{
	archiveVersion = 1;
	classes = {
	};
	objectVersion = 56;
	objects = {

/* Begin PBXBuildFile section */
		23D6C8A82B43D5B600B96C95 /* AppDelegate.swift in Sources */ = {isa = PBXBuildFile; fileRef = 23D6C8A72B43D5B600B96C95 /* AppDelegate.swift */; };
		23D6C8AA2B43D5B600B96C95 /* SceneDelegate.swift in Sources */ = {isa = PBXBuildFile; fileRef = 23D6C8A92B43D5B600B96C95 /* SceneDelegate.swift */; };
		23D6C8AC2B43D5B600B96C95 /* ViewController.swift in Sources */ = {isa = PBXBuildFile; fileRef = 23D6C8AB2B43D5B600B96C95 /* ViewController.swift */; };
		23D6C8B12B43D5B600B96C95 /* Assets.xcassets in Resources */ = {isa = PBXBuildFile; fileRef = 23D6C8B02B43D5B600B96C95 /* Assets.xcassets */; };
		23D6C8B42B43D5B600B96C95 /* LaunchScreen.storyboard in Resources */ = {isa = PBXBuildFile; fileRef = 23D6C8B22B43D5B600B96C95 /* LaunchScreen.storyboard */; };
		23D6C8C12B43D9B700B96C95 /* .gitkeep in Resources */ = {isa = PBXBuildFile; fileRef = 23D6C8C02B43D9B700B96C95 /* .gitkeep */; };
		23D6C8C72B43D9DE00B96C95 /* .gitkeep in Resources */ = {isa = PBXBuildFile; fileRef = 23D6C8C62B43D9DE00B96C95 /* .gitkeep */; };
/* End PBXBuildFile section */

/* Begin PBXFileReference section */
		23D6C8A42B43D5B600B96C95 /* swift-example.app */ = {isa = PBXFileReference; explicitFileType = wrapper.application; includeInIndex = 0; path = "swift-example.app"; sourceTree = BUILT_PRODUCTS_DIR; };
		23D6C8A72B43D5B600B96C95 /* AppDelegate.swift */ = {isa = PBXFileReference; lastKnownFileType = sourcecode.swift; path = AppDelegate.swift; sourceTree = "<group>"; };
		23D6C8A92B43D5B600B96C95 /* SceneDelegate.swift */ = {isa = PBXFileReference; lastKnownFileType = sourcecode.swift; path = SceneDelegate.swift; sourceTree = "<group>"; };
		23D6C8AB2B43D5B600B96C95 /* ViewController.swift */ = {isa = PBXFileReference; lastKnownFileType = sourcecode.swift; path = ViewController.swift; sourceTree = "<group>"; };
		23D6C8B02B43D5B600B96C95 /* Assets.xcassets */ = {isa = PBXFileReference; lastKnownFileType = folder.assetcatalog; path = Assets.xcassets; sourceTree = "<group>"; };
		23D6C8B32B43D5B600B96C95 /* Base */ = {isa = PBXFileReference; lastKnownFileType = file.storyboard; name = Base; path = Base.lproj/LaunchScreen.storyboard; sourceTree = "<group>"; };
		23D6C8B52B43D5B600B96C95 /* Info.plist */ = {isa = PBXFileReference; lastKnownFileType = text.plist.xml; path = Info.plist; sourceTree = "<group>"; };
		23D6C8C02B43D9B700B96C95 /* .gitkeep */ = {isa = PBXFileReference; lastKnownFileType = text; path = .gitkeep; sourceTree = "<group>"; };
		23D6C8C62B43D9DE00B96C95 /* .gitkeep */ = {isa = PBXFileReference; lastKnownFileType = text; path = .gitkeep; sourceTree = "<group>"; };
/* End PBXFileReference section */

/* Begin PBXFrameworksBuildPhase section */
		23D6C8A12B43D5B600B96C95 /* Frameworks */ = {
			isa = PBXFrameworksBuildPhase;
			buildActionMask = 2147483647;
			files = (
			);
			runOnlyForDeploymentPostprocessing = 0;
		};
/* End PBXFrameworksBuildPhase section */

/* Begin PBXGroup section */
		23D6C89B2B43D5B600B96C95 = {
			isa = PBXGroup;
			children = (
				23D6C8A62B43D5B600B96C95 /* swift-example */,
				23D6C8A52B43D5B600B96C95 /* Products */,
			);
			sourceTree = "<group>";
		};
		23D6C8A52B43D5B600B96C95 /* Products */ = {
			isa = PBXGroup;
			children = (
				23D6C8A42B43D5B600B96C95 /* swift-example.app */,
			);
			name = Products;
			sourceTree = "<group>";
		};
		23D6C8A62B43D5B600B96C95 /* swift-example */ = {
			isa = PBXGroup;
			children = (
				23D6C8BB2B43D8D100B96C95 /* Global */,
				23D6C8BC2B43D8E000B96C95 /* Presentation */,
				23D6C8B52B43D5B600B96C95 /* Info.plist */,
			);
			path = "swift-example";
			sourceTree = "<group>";
		};
		23D6C8BB2B43D8D100B96C95 /* Global */ = {
			isa = PBXGroup;
			children = (
				23D6C8BD2B43D8FC00B96C95 /* Literal */,
				23D6C8BF2B43D96500B96C95 /* Resource */,
				23D6C8BE2B43D91100B96C95 /* Supports */,
			);
			path = Global;
			sourceTree = "<group>";
		};
		23D6C8BC2B43D8E000B96C95 /* Presentation */ = {
			isa = PBXGroup;
			children = (
				23D6C8AB2B43D5B600B96C95 /* ViewController.swift */,
				23D6C8C62B43D9DE00B96C95 /* .gitkeep */,
			);
			path = Presentation;
			sourceTree = "<group>";
		};
		23D6C8BD2B43D8FC00B96C95 /* Literal */ = {
			isa = PBXGroup;
			children = (
				23D6C8C02B43D9B700B96C95 /* .gitkeep */,
			);
			path = Literal;
			sourceTree = "<group>";
		};
		23D6C8BE2B43D91100B96C95 /* Supports */ = {
			isa = PBXGroup;
			children = (
				23D6C8B22B43D5B600B96C95 /* LaunchScreen.storyboard */,
				23D6C8A72B43D5B600B96C95 /* AppDelegate.swift */,
				23D6C8A92B43D5B600B96C95 /* SceneDelegate.swift */,
			);
			path = Supports;
			sourceTree = "<group>";
		};
		23D6C8BF2B43D96500B96C95 /* Resource */ = {
			isa = PBXGroup;
			children = (
				23D6C8B02B43D5B600B96C95 /* Assets.xcassets */,
			);
			path = Resource;
			sourceTree = "<group>";
		};
/* End PBXGroup section */

/* Begin PBXNativeTarget section */
		23D6C8A32B43D5B600B96C95 /* swift-example */ = {
			isa = PBXNativeTarget;
			buildConfigurationList = 23D6C8B82B43D5B600B96C95 /* Build configuration list for PBXNativeTarget "swift-example" */;
			buildPhases = (
				23D6C8A02B43D5B600B96C95 /* Sources */,
				23D6C8A12B43D5B600B96C95 /* Frameworks */,
				23D6C8A22B43D5B600B96C95 /* Resources */,
			);
			buildRules = (
			);
			dependencies = (
			);
			name = "swift-example";
			productName = "swift-example";
			productReference = 23D6C8A42B43D5B600B96C95 /* swift-example.app */;
			productType = "com.apple.product-type.application";
		};
/* End PBXNativeTarget section */

/* Begin PBXProject section */
		23D6C89C2B43D5B600B96C95 /* Project object */ = {
			isa = PBXProject;
			attributes = {
				BuildIndependentTargetsInParallel = 1;
				LastSwiftUpdateCheck = 1430;
				LastUpgradeCheck = 1430;
				TargetAttributes = {
					23D6C8A32B43D5B600B96C95 = {
						CreatedOnToolsVersion = 14.3.1;
					};
				};
			};
			buildConfigurationList = 23D6C89F2B43D5B600B96C95 /* Build configuration list for PBXProject "swift-example" */;
			compatibilityVersion = "Xcode 14.0";
			developmentRegion = en;
			hasScannedForEncodings = 0;
			knownRegions = (
				en,
				Base,
			);
			mainGroup = 23D6C89B2B43D5B600B96C95;
			productRefGroup = 23D6C8A52B43D5B600B96C95 /* Products */;
			projectDirPath = "";
			projectRoot = "";
			targets = (
				23D6C8A32B43D5B600B96C95 /* swift-example */,
			);
		};
/* End PBXProject section */

/* Begin PBXResourcesBuildPhase section */
		23D6C8A22B43D5B600B96C95 /* Resources */ = {
			isa = PBXResourcesBuildPhase;
			buildActionMask = 2147483647;
			files = (
				23D6C8C12B43D9B700B96C95 /* .gitkeep in Resources */,
				23D6C8B42B43D5B600B96C95 /* LaunchScreen.storyboard in Resources */,
				23D6C8C72B43D9DE00B96C95 /* .gitkeep in Resources */,
				23D6C8B12B43D5B600B96C95 /* Assets.xcassets in Resources */,
			);
			runOnlyForDeploymentPostprocessing = 0;
		};
/* End PBXResourcesBuildPhase section */

/* Begin PBXSourcesBuildPhase section */
		23D6C8A02B43D5B600B96C95 /* Sources */ = {
			isa = PBXSourcesBuildPhase;
			buildActionMask = 2147483647;
			files = (
				23D6C8AC2B43D5B600B96C95 /* ViewController.swift in Sources */,
				23D6C8A82B43D5B600B96C95 /* AppDelegate.swift in Sources */,
				23D6C8AA2B43D5B600B96C95 /* SceneDelegate.swift in Sources */,
			);
			runOnlyForDeploymentPostprocessing = 0;
		};
/* End PBXSourcesBuildPhase section */

/* Begin PBXVariantGroup section */
		23D6C8B22B43D5B600B96C95 /* LaunchScreen.storyboard */ = {
			isa = PBXVariantGroup;
			children = (
				23D6C8B32B43D5B600B96C95 /* Base */,
			);
			name = LaunchScreen.storyboard;
			sourceTree = "<group>";
		};
/* End PBXVariantGroup section */

/* Begin XCBuildConfiguration section */
		23D6C8B62B43D5B600B96C95 /* Debug */ = {
			isa = XCBuildConfiguration;
			buildSettings = {
				ALWAYS_SEARCH_USER_PATHS = NO;
				CLANG_ANALYZER_NONNULL = YES;
				CLANG_ANALYZER_NUMBER_OBJECT_CONVERSION = YES_AGGRESSIVE;
				CLANG_CXX_LANGUAGE_STANDARD = "gnu++20";
				CLANG_ENABLE_MODULES = YES;
				CLANG_ENABLE_OBJC_ARC = YES;
				CLANG_ENABLE_OBJC_WEAK = YES;
				CLANG_WARN_BLOCK_CAPTURE_AUTORELEASING = YES;
				CLANG_WARN_BOOL_CONVERSION = YES;
				CLANG_WARN_COMMA = YES;
				CLANG_WARN_CONSTANT_CONVERSION = YES;
				CLANG_WARN_DEPRECATED_OBJC_IMPLEMENTATIONS = YES;
				CLANG_WARN_DIRECT_OBJC_ISA_USAGE = YES_ERROR;
				CLANG_WARN_DOCUMENTATION_COMMENTS = YES;
				CLANG_WARN_EMPTY_BODY = YES;
				CLANG_WARN_ENUM_CONVERSION = YES;
				CLANG_WARN_INFINITE_RECURSION = YES;
				CLANG_WARN_INT_CONVERSION = YES;
				CLANG_WARN_NON_LITERAL_NULL_CONVERSION = YES;
				CLANG_WARN_OBJC_IMPLICIT_RETAIN_SELF = YES;
				CLANG_WARN_OBJC_LITERAL_CONVERSION = YES;
				CLANG_WARN_OBJC_ROOT_CLASS = YES_ERROR;
				CLANG_WARN_QUOTED_INCLUDE_IN_FRAMEWORK_HEADER = YES;
				CLANG_WARN_RANGE_LOOP_ANALYSIS = YES;
				CLANG_WARN_STRICT_PROTOTYPES = YES;
				CLANG_WARN_SUSPICIOUS_MOVE = YES;
				CLANG_WARN_UNGUARDED_AVAILABILITY = YES_AGGRESSIVE;
				CLANG_WARN_UNREACHABLE_CODE = YES;
				CLANG_WARN__DUPLICATE_METHOD_MATCH = YES;
				COPY_PHASE_STRIP = NO;
				DEBUG_INFORMATION_FORMAT = dwarf;
				ENABLE_STRICT_OBJC_MSGSEND = YES;
				ENABLE_TESTABILITY = YES;
				GCC_C_LANGUAGE_STANDARD = gnu11;
				GCC_DYNAMIC_NO_PIC = NO;
				GCC_NO_COMMON_BLOCKS = YES;
				GCC_OPTIMIZATION_LEVEL = 0;
				GCC_PREPROCESSOR_DEFINITIONS = (
					"DEBUG=1",
					"$(inherited)",
				);
				GCC_WARN_64_TO_32_BIT_CONVERSION = YES;
				GCC_WARN_ABOUT_RETURN_TYPE = YES_ERROR;
				GCC_WARN_UNDECLARED_SELECTOR = YES;
				GCC_WARN_UNINITIALIZED_AUTOS = YES_AGGRESSIVE;
				GCC_WARN_UNUSED_FUNCTION = YES;
				GCC_WARN_UNUSED_VARIABLE = YES;
				IPHONEOS_DEPLOYMENT_TARGET = 16.4;
				MTL_ENABLE_DEBUG_INFO = INCLUDE_SOURCE;
				MTL_FAST_MATH = YES;
				ONLY_ACTIVE_ARCH = YES;
				SDKROOT = iphoneos;
				SWIFT_ACTIVE_COMPILATION_CONDITIONS = DEBUG;
				SWIFT_OPTIMIZATION_LEVEL = "-Onone";
			};
			name = Debug;
		};
		23D6C8B72B43D5B600B96C95 /* Release */ = {
			isa = XCBuildConfiguration;
			buildSettings = {
				ALWAYS_SEARCH_USER_PATHS = NO;
				CLANG_ANALYZER_NONNULL = YES;
				CLANG_ANALYZER_NUMBER_OBJECT_CONVERSION = YES_AGGRESSIVE;
				CLANG_CXX_LANGUAGE_STANDARD = "gnu++20";
				CLANG_ENABLE_MODULES = YES;
				CLANG_ENABLE_OBJC_ARC = YES;
				CLANG_ENABLE_OBJC_WEAK = YES;
				CLANG_WARN_BLOCK_CAPTURE_AUTORELEASING = YES;
				CLANG_WARN_BOOL_CONVERSION = YES;
				CLANG_WARN_COMMA = YES;
				CLANG_WARN_CONSTANT_CONVERSION = YES;
				CLANG_WARN_DEPRECATED_OBJC_IMPLEMENTATIONS = YES;
				CLANG_WARN_DIRECT_OBJC_ISA_USAGE = YES_ERROR;
				CLANG_WARN_DOCUMENTATION_COMMENTS = YES;
				CLANG_WARN_EMPTY_BODY = YES;
				CLANG_WARN_ENUM_CONVERSION = YES;
				CLANG_WARN_INFINITE_RECURSION = YES;
				CLANG_WARN_INT_CONVERSION = YES;
				CLANG_WARN_NON_LITERAL_NULL_CONVERSION = YES;
				CLANG_WARN_OBJC_IMPLICIT_RETAIN_SELF = YES;
				CLANG_WARN_OBJC_LITERAL_CONVERSION = YES;
				CLANG_WARN_OBJC_ROOT_CLASS = YES_ERROR;
				CLANG_WARN_QUOTED_INCLUDE_IN_FRAMEWORK_HEADER = YES;
				CLANG_WARN_RANGE_LOOP_ANALYSIS = YES;
				CLANG_WARN_STRICT_PROTOTYPES = YES;
				CLANG_WARN_SUSPICIOUS_MOVE = YES;
				CLANG_WARN_UNGUARDED_AVAILABILITY = YES_AGGRESSIVE;
				CLANG_WARN_UNREACHABLE_CODE = YES;
				CLANG_WARN__DUPLICATE_METHOD_MATCH = YES;
				COPY_PHASE_STRIP = NO;
				DEBUG_INFORMATION_FORMAT = "dwarf-with-dsym";
				ENABLE_NS_ASSERTIONS = NO;
				ENABLE_STRICT_OBJC_MSGSEND = YES;
				GCC_C_LANGUAGE_STANDARD = gnu11;
				GCC_NO_COMMON_BLOCKS = YES;
				GCC_WARN_64_TO_32_BIT_CONVERSION = YES;
				GCC_WARN_ABOUT_RETURN_TYPE = YES_ERROR;
				GCC_WARN_UNDECLARED_SELECTOR = YES;
				GCC_WARN_UNINITIALIZED_AUTOS = YES_AGGRESSIVE;
				GCC_WARN_UNUSED_FUNCTION = YES;
				GCC_WARN_UNUSED_VARIABLE = YES;
				IPHONEOS_DEPLOYMENT_TARGET = 16.4;
				MTL_ENABLE_DEBUG_INFO = NO;
				MTL_FAST_MATH = YES;
				SDKROOT = iphoneos;
				SWIFT_COMPILATION_MODE = wholemodule;
				SWIFT_OPTIMIZATION_LEVEL = "-O";
				VALIDATE_PRODUCT = YES;
			};
			name = Release;
		};
		23D6C8B92B43D5B600B96C95 /* Debug */ = {
			isa = XCBuildConfiguration;
			buildSettings = {
				ASSETCATALOG_COMPILER_APPICON_NAME = AppIcon;
				ASSETCATALOG_COMPILER_GLOBAL_ACCENT_COLOR_NAME = AccentColor;
				CODE_SIGN_STYLE = Automatic;
				CURRENT_PROJECT_VERSION = 1;
				GENERATE_INFOPLIST_FILE = YES;
				INFOPLIST_FILE = "swift-example/Info.plist";
				INFOPLIST_KEY_UIApplicationSupportsIndirectInputEvents = YES;
				INFOPLIST_KEY_UILaunchStoryboardName = LaunchScreen;
				INFOPLIST_KEY_UISupportedInterfaceOrientations_iPad = "UIInterfaceOrientationPortrait UIInterfaceOrientationPortraitUpsideDown UIInterfaceOrientationLandscapeLeft UIInterfaceOrientationLandscapeRight";
				INFOPLIST_KEY_UISupportedInterfaceOrientations_iPhone = "UIInterfaceOrientationPortrait UIInterfaceOrientationLandscapeLeft UIInterfaceOrientationLandscapeRight";
				LD_RUNPATH_SEARCH_PATHS = (
					"$(inherited)",
					"@executable_path/Frameworks",
				);
				MARKETING_VERSION = 1.0;
				PRODUCT_BUNDLE_IDENTIFIER = "com.reenact.practice-swift.swift-example";
				PRODUCT_NAME = "$(TARGET_NAME)";
				SWIFT_EMIT_LOC_STRINGS = YES;
				SWIFT_VERSION = 5.0;
				TARGETED_DEVICE_FAMILY = "1,2";
			};
			name = Debug;
		};
		23D6C8BA2B43D5B600B96C95 /* Release */ = {
			isa = XCBuildConfiguration;
			buildSettings = {
				ASSETCATALOG_COMPILER_APPICON_NAME = AppIcon;
				ASSETCATALOG_COMPILER_GLOBAL_ACCENT_COLOR_NAME = AccentColor;
				CODE_SIGN_STYLE = Automatic;
				CURRENT_PROJECT_VERSION = 1;
				GENERATE_INFOPLIST_FILE = YES;
				INFOPLIST_FILE = "swift-example/Info.plist";
				INFOPLIST_KEY_UIApplicationSupportsIndirectInputEvents = YES;
				INFOPLIST_KEY_UILaunchStoryboardName = LaunchScreen;
				INFOPLIST_KEY_UISupportedInterfaceOrientations_iPad = "UIInterfaceOrientationPortrait UIInterfaceOrientationPortraitUpsideDown UIInterfaceOrientationLandscapeLeft UIInterfaceOrientationLandscapeRight";
				INFOPLIST_KEY_UISupportedInterfaceOrientations_iPhone = "UIInterfaceOrientationPortrait UIInterfaceOrientationLandscapeLeft UIInterfaceOrientationLandscapeRight";
				LD_RUNPATH_SEARCH_PATHS = (
					"$(inherited)",
					"@executable_path/Frameworks",
				);
				MARKETING_VERSION = 1.0;
				PRODUCT_BUNDLE_IDENTIFIER = "com.reenact.practice-swift.swift-example";
				PRODUCT_NAME = "$(TARGET_NAME)";
				SWIFT_EMIT_LOC_STRINGS = YES;
				SWIFT_VERSION = 5.0;
				TARGETED_DEVICE_FAMILY = "1,2";
			};
			name = Release;
		};
/* End XCBuildConfiguration section */

/* Begin XCConfigurationList section */
		23D6C89F2B43D5B600B96C95 /* Build configuration list for PBXProject "swift-example" */ = {
			isa = XCConfigurationList;
			buildConfigurations = (
				23D6C8B62B43D5B600B96C95 /* Debug */,
				23D6C8B72B43D5B600B96C95 /* Release */,
			);
			defaultConfigurationIsVisible = 0;
			defaultConfigurationName = Release;
		};
		23D6C8B82B43D5B600B96C95 /* Build configuration list for PBXNativeTarget "swift-example" */ = {
			isa = XCConfigurationList;
			buildConfigurations = (
				23D6C8B92B43D5B600B96C95 /* Debug */,
				23D6C8BA2B43D5B600B96C95 /* Release */,
			);
			defaultConfigurationIsVisible = 0;
			defaultConfigurationName = Release;
		};
/* End XCConfigurationList section */
	};
	rootObject = 23D6C89C2B43D5B600B96C95 /* Project object */;
}
