// !$*UTF8*$!
{
	archiveVersion = 1;
	classes = {
	};
	objectVersion = 56;
	objects = {

/* Begin PBXBuildFile section */
		231822D22B466DDE00D2CF04 /* Toast.swift in Sources */ = {isa = PBXBuildFile; fileRef = 231822D12B466DDE00D2CF04 /* Toast.swift */; };
		231822D42B466E5000D2CF04 /* CalculateTopInset.swift in Sources */ = {isa = PBXBuildFile; fileRef = 231822D32B466E5000D2CF04 /* CalculateTopInset.swift */; };
		231C18032B44D8F800EE9BDD /* RxCocoa in Frameworks */ = {isa = PBXBuildFile; productRef = 231C18022B44D8F800EE9BDD /* RxCocoa */; };
		231C18052B44D8F800EE9BDD /* RxSwift in Frameworks */ = {isa = PBXBuildFile; productRef = 231C18042B44D8F800EE9BDD /* RxSwift */; };
		231C18092B44D9CE00EE9BDD /* RxSampleVC.swift in Sources */ = {isa = PBXBuildFile; fileRef = 231C18082B44D9CE00EE9BDD /* RxSampleVC.swift */; };
		231C180B2B44E33C00EE9BDD /* PochacoFilterVC.swift in Sources */ = {isa = PBXBuildFile; fileRef = 231C180A2B44E33C00EE9BDD /* PochacoFilterVC.swift */; };
		231C180E2B44E3C600EE9BDD /* SnapKit in Frameworks */ = {isa = PBXBuildFile; productRef = 231C180D2B44E3C600EE9BDD /* SnapKit */; };
		231C18112B44E3D200EE9BDD /* Then in Frameworks */ = {isa = PBXBuildFile; productRef = 231C18102B44E3D200EE9BDD /* Then */; };
		234A63092B4FAC06000F9805 /* MessageKit in Frameworks */ = {isa = PBXBuildFile; productRef = 234A63082B4FAC06000F9805 /* MessageKit */; };
		234A630B2B4FAC83000F9805 /* JDMChatBotVC.swift in Sources */ = {isa = PBXBuildFile; fileRef = 234A630A2B4FAC83000F9805 /* JDMChatBotVC.swift */; };
		234A630F2B4FAF3A000F9805 /* .gitkeep in Resources */ = {isa = PBXBuildFile; fileRef = 234A630E2B4FAF3A000F9805 /* .gitkeep */; };
		234A63132B4FAF71000F9805 /* MessageModel.swift in Sources */ = {isa = PBXBuildFile; fileRef = 234A63122B4FAF71000F9805 /* MessageModel.swift */; };
		237096BD2B4624AD00A245A4 /* ImageLiterals.swift in Sources */ = {isa = PBXBuildFile; fileRef = 237096BC2B4624AD00A245A4 /* ImageLiterals.swift */; };
		23949B5B2B45007700A3D10B /* UIView+.swift in Sources */ = {isa = PBXBuildFile; fileRef = 23949B5A2B45007700A3D10B /* UIView+.swift */; };
		23A7928F2B50DBC100656257 /* ColorLiterals.swift in Sources */ = {isa = PBXBuildFile; fileRef = 23A7928E2B50DBC000656257 /* ColorLiterals.swift */; };
		23D6C8A82B43D5B600B96C95 /* AppDelegate.swift in Sources */ = {isa = PBXBuildFile; fileRef = 23D6C8A72B43D5B600B96C95 /* AppDelegate.swift */; };
		23D6C8AA2B43D5B600B96C95 /* SceneDelegate.swift in Sources */ = {isa = PBXBuildFile; fileRef = 23D6C8A92B43D5B600B96C95 /* SceneDelegate.swift */; };
		23D6C8AC2B43D5B600B96C95 /* ViewController.swift in Sources */ = {isa = PBXBuildFile; fileRef = 23D6C8AB2B43D5B600B96C95 /* ViewController.swift */; };
		23D6C8B12B43D5B600B96C95 /* Assets.xcassets in Resources */ = {isa = PBXBuildFile; fileRef = 23D6C8B02B43D5B600B96C95 /* Assets.xcassets */; };
		23D6C8B42B43D5B600B96C95 /* LaunchScreen.storyboard in Resources */ = {isa = PBXBuildFile; fileRef = 23D6C8B22B43D5B600B96C95 /* LaunchScreen.storyboard */; };
		23D6C8D22B43E00200B96C95 /* Localizable.strings in Resources */ = {isa = PBXBuildFile; fileRef = 23D6C8D42B43E00200B96C95 /* Localizable.strings */; };
		23D6C8D72B43E8F100B96C95 /* LocalizationVC.swift in Sources */ = {isa = PBXBuildFile; fileRef = 23D6C8D62B43E8F100B96C95 /* LocalizationVC.swift */; };
		23D6C8D92B43E94900B96C95 /* LanguageLiterals.swift in Sources */ = {isa = PBXBuildFile; fileRef = 23D6C8D82B43E94900B96C95 /* LanguageLiterals.swift */; };
		23D6C8DD2B43E97E00B96C95 /* LanguageManager.swift in Sources */ = {isa = PBXBuildFile; fileRef = 23D6C8DC2B43E97E00B96C95 /* LanguageManager.swift */; };
/* End PBXBuildFile section */

/* Begin PBXFileReference section */
		231822D12B466DDE00D2CF04 /* Toast.swift */ = {isa = PBXFileReference; lastKnownFileType = sourcecode.swift; path = Toast.swift; sourceTree = "<group>"; };
		231822D32B466E5000D2CF04 /* CalculateTopInset.swift */ = {isa = PBXFileReference; lastKnownFileType = sourcecode.swift; path = CalculateTopInset.swift; sourceTree = "<group>"; };
		231C18082B44D9CE00EE9BDD /* RxSampleVC.swift */ = {isa = PBXFileReference; lastKnownFileType = sourcecode.swift; path = RxSampleVC.swift; sourceTree = "<group>"; };
		231C180A2B44E33C00EE9BDD /* PochacoFilterVC.swift */ = {isa = PBXFileReference; lastKnownFileType = sourcecode.swift; path = PochacoFilterVC.swift; sourceTree = "<group>"; };
		234A630A2B4FAC83000F9805 /* JDMChatBotVC.swift */ = {isa = PBXFileReference; lastKnownFileType = sourcecode.swift; path = JDMChatBotVC.swift; sourceTree = "<group>"; };
		234A630E2B4FAF3A000F9805 /* .gitkeep */ = {isa = PBXFileReference; lastKnownFileType = text; path = .gitkeep; sourceTree = "<group>"; };
		234A63122B4FAF71000F9805 /* MessageModel.swift */ = {isa = PBXFileReference; lastKnownFileType = sourcecode.swift; path = MessageModel.swift; sourceTree = "<group>"; };
		237096BC2B4624AD00A245A4 /* ImageLiterals.swift */ = {isa = PBXFileReference; lastKnownFileType = sourcecode.swift; path = ImageLiterals.swift; sourceTree = "<group>"; };
		23949B5A2B45007700A3D10B /* UIView+.swift */ = {isa = PBXFileReference; lastKnownFileType = sourcecode.swift; path = "UIView+.swift"; sourceTree = "<group>"; };
		23A7928E2B50DBC000656257 /* ColorLiterals.swift */ = {isa = PBXFileReference; lastKnownFileType = sourcecode.swift; path = ColorLiterals.swift; sourceTree = "<group>"; };
		23D6C8A42B43D5B600B96C95 /* swift-example.app */ = {isa = PBXFileReference; explicitFileType = wrapper.application; includeInIndex = 0; path = "swift-example.app"; sourceTree = BUILT_PRODUCTS_DIR; };
		23D6C8A72B43D5B600B96C95 /* AppDelegate.swift */ = {isa = PBXFileReference; lastKnownFileType = sourcecode.swift; path = AppDelegate.swift; sourceTree = "<group>"; };
		23D6C8A92B43D5B600B96C95 /* SceneDelegate.swift */ = {isa = PBXFileReference; lastKnownFileType = sourcecode.swift; path = SceneDelegate.swift; sourceTree = "<group>"; };
		23D6C8AB2B43D5B600B96C95 /* ViewController.swift */ = {isa = PBXFileReference; lastKnownFileType = sourcecode.swift; path = ViewController.swift; sourceTree = "<group>"; };
		23D6C8B02B43D5B600B96C95 /* Assets.xcassets */ = {isa = PBXFileReference; lastKnownFileType = folder.assetcatalog; path = Assets.xcassets; sourceTree = "<group>"; };
		23D6C8B32B43D5B600B96C95 /* Base */ = {isa = PBXFileReference; lastKnownFileType = file.storyboard; name = Base; path = Base.lproj/LaunchScreen.storyboard; sourceTree = "<group>"; };
		23D6C8B52B43D5B600B96C95 /* Info.plist */ = {isa = PBXFileReference; lastKnownFileType = text.plist.xml; path = Info.plist; sourceTree = "<group>"; };
		23D6C8C02B43D9B700B96C95 /* .gitkeep */ = {isa = PBXFileReference; lastKnownFileType = text; path = .gitkeep; sourceTree = "<group>"; };
		23D6C8C62B43D9DE00B96C95 /* .gitkeep */ = {isa = PBXFileReference; lastKnownFileType = text; path = .gitkeep; sourceTree = "<group>"; };
		23D6C8D32B43E00200B96C95 /* en */ = {isa = PBXFileReference; lastKnownFileType = text.plist.strings; name = en; path = en.lproj/Localizable.strings; sourceTree = "<group>"; };
		23D6C8D52B43E00A00B96C95 /* ko */ = {isa = PBXFileReference; lastKnownFileType = text.plist.strings; name = ko; path = ko.lproj/Localizable.strings; sourceTree = "<group>"; };
		23D6C8D62B43E8F100B96C95 /* LocalizationVC.swift */ = {isa = PBXFileReference; lastKnownFileType = sourcecode.swift; path = LocalizationVC.swift; sourceTree = "<group>"; };
		23D6C8D82B43E94900B96C95 /* LanguageLiterals.swift */ = {isa = PBXFileReference; lastKnownFileType = sourcecode.swift; path = LanguageLiterals.swift; sourceTree = "<group>"; };
		23D6C8DC2B43E97E00B96C95 /* LanguageManager.swift */ = {isa = PBXFileReference; lastKnownFileType = sourcecode.swift; path = LanguageManager.swift; sourceTree = "<group>"; };
/* End PBXFileReference section */

/* Begin PBXFrameworksBuildPhase section */
		23D6C8A12B43D5B600B96C95 /* Frameworks */ = {
			isa = PBXFrameworksBuildPhase;
			buildActionMask = 2147483647;
			files = (
				231C180E2B44E3C600EE9BDD /* SnapKit in Frameworks */,
				231C18052B44D8F800EE9BDD /* RxSwift in Frameworks */,
				231C18032B44D8F800EE9BDD /* RxCocoa in Frameworks */,
				231C18112B44E3D200EE9BDD /* Then in Frameworks */,
				234A63092B4FAC06000F9805 /* MessageKit in Frameworks */,
			);
			runOnlyForDeploymentPostprocessing = 0;
		};
/* End PBXFrameworksBuildPhase section */

/* Begin PBXGroup section */
		234A630C2B4FAF11000F9805 /* Network */ = {
			isa = PBXGroup;
			children = (
				234A630D2B4FAF21000F9805 /* Model */,
			);
			path = Network;
			sourceTree = "<group>";
		};
		234A630D2B4FAF21000F9805 /* Model */ = {
			isa = PBXGroup;
			children = (
				234A630E2B4FAF3A000F9805 /* .gitkeep */,
				234A63122B4FAF71000F9805 /* MessageModel.swift */,
			);
			path = Model;
			sourceTree = "<group>";
		};
		23D6C89B2B43D5B600B96C95 = {
			isa = PBXGroup;
			children = (
				23D6C8A62B43D5B600B96C95 /* swift-example */,
				23D6C8A52B43D5B600B96C95 /* Products */,
			);
			sourceTree = "<group>";
		};
		23D6C8A52B43D5B600B96C95 /* Products */ = {
			isa = PBXGroup;
			children = (
				23D6C8A42B43D5B600B96C95 /* swift-example.app */,
			);
			name = Products;
			sourceTree = "<group>";
		};
		23D6C8A62B43D5B600B96C95 /* swift-example */ = {
			isa = PBXGroup;
			children = (
				23D6C8BB2B43D8D100B96C95 /* Global */,
				234A630C2B4FAF11000F9805 /* Network */,
				23D6C8BC2B43D8E000B96C95 /* Presentation */,
				23D6C8B52B43D5B600B96C95 /* Info.plist */,
			);
			path = "swift-example";
			sourceTree = "<group>";
		};
		23D6C8BB2B43D8D100B96C95 /* Global */ = {
			isa = PBXGroup;
			children = (
				23D6C8DA2B43E96300B96C95 /* Utils */,
				23D6C8CF2B43DFE000B96C95 /* Localizable */,
				23D6C8BD2B43D8FC00B96C95 /* Literal */,
				23D6C8BF2B43D96500B96C95 /* Resource */,
				23D6C8BE2B43D91100B96C95 /* Supports */,
			);
			path = Global;
			sourceTree = "<group>";
		};
		23D6C8BC2B43D8E000B96C95 /* Presentation */ = {
			isa = PBXGroup;
			children = (
				23D6C8D62B43E8F100B96C95 /* LocalizationVC.swift */,
				231C18082B44D9CE00EE9BDD /* RxSampleVC.swift */,
				231C180A2B44E33C00EE9BDD /* PochacoFilterVC.swift */,
				234A630A2B4FAC83000F9805 /* JDMChatBotVC.swift */,
				23D6C8AB2B43D5B600B96C95 /* ViewController.swift */,
				23D6C8C62B43D9DE00B96C95 /* .gitkeep */,
			);
			path = Presentation;
			sourceTree = "<group>";
		};
		23D6C8BD2B43D8FC00B96C95 /* Literal */ = {
			isa = PBXGroup;
			children = (
				23D6C8D82B43E94900B96C95 /* LanguageLiterals.swift */,
				237096BC2B4624AD00A245A4 /* ImageLiterals.swift */,
				23D6C8C02B43D9B700B96C95 /* .gitkeep */,
				23A7928E2B50DBC000656257 /* ColorLiterals.swift */,
			);
			path = Literal;
			sourceTree = "<group>";
		};
		23D6C8BE2B43D91100B96C95 /* Supports */ = {
			isa = PBXGroup;
			children = (
				23D6C8B22B43D5B600B96C95 /* LaunchScreen.storyboard */,
				23D6C8A72B43D5B600B96C95 /* AppDelegate.swift */,
				23D6C8A92B43D5B600B96C95 /* SceneDelegate.swift */,
			);
			path = Supports;
			sourceTree = "<group>";
		};
		23D6C8BF2B43D96500B96C95 /* Resource */ = {
			isa = PBXGroup;
			children = (
				23D6C8B02B43D5B600B96C95 /* Assets.xcassets */,
			);
			path = Resource;
			sourceTree = "<group>";
		};
		23D6C8CF2B43DFE000B96C95 /* Localizable */ = {
			isa = PBXGroup;
			children = (
				23D6C8D42B43E00200B96C95 /* Localizable.strings */,
			);
			path = Localizable;
			sourceTree = "<group>";
		};
		23D6C8DA2B43E96300B96C95 /* Utils */ = {
			isa = PBXGroup;
			children = (
				23D6C8DB2B43E96D00B96C95 /* Manager */,
				23949B5A2B45007700A3D10B /* UIView+.swift */,
				231822D12B466DDE00D2CF04 /* Toast.swift */,
				231822D32B466E5000D2CF04 /* CalculateTopInset.swift */,
			);
			path = Utils;
			sourceTree = "<group>";
		};
		23D6C8DB2B43E96D00B96C95 /* Manager */ = {
			isa = PBXGroup;
			children = (
				23D6C8DC2B43E97E00B96C95 /* LanguageManager.swift */,
			);
			path = Manager;
			sourceTree = "<group>";
		};
/* End PBXGroup section */

/* Begin PBXNativeTarget section */
		23D6C8A32B43D5B600B96C95 /* swift-example */ = {
			isa = PBXNativeTarget;
			buildConfigurationList = 23D6C8B82B43D5B600B96C95 /* Build configuration list for PBXNativeTarget "swift-example" */;
			buildPhases = (
				23D6C8A02B43D5B600B96C95 /* Sources */,
				23D6C8A12B43D5B600B96C95 /* Frameworks */,
				23D6C8A22B43D5B600B96C95 /* Resources */,
			);
			buildRules = (
			);
			dependencies = (
			);
			name = "swift-example";
			packageProductDependencies = (
				231C18022B44D8F800EE9BDD /* RxCocoa */,
				231C18042B44D8F800EE9BDD /* RxSwift */,
				231C180D2B44E3C600EE9BDD /* SnapKit */,
				231C18102B44E3D200EE9BDD /* Then */,
				234A63082B4FAC06000F9805 /* MessageKit */,
			);
			productName = "swift-example";
			productReference = 23D6C8A42B43D5B600B96C95 /* swift-example.app */;
			productType = "com.apple.product-type.application";
		};
/* End PBXNativeTarget section */

/* Begin PBXProject section */
		23D6C89C2B43D5B600B96C95 /* Project object */ = {
			isa = PBXProject;
			attributes = {
				BuildIndependentTargetsInParallel = 1;
				LastSwiftUpdateCheck = 1430;
				LastUpgradeCheck = 1430;
				TargetAttributes = {
					23D6C8A32B43D5B600B96C95 = {
						CreatedOnToolsVersion = 14.3.1;
					};
				};
			};
			buildConfigurationList = 23D6C89F2B43D5B600B96C95 /* Build configuration list for PBXProject "swift-example" */;
			compatibilityVersion = "Xcode 14.0";
			developmentRegion = en;
			hasScannedForEncodings = 0;
			knownRegions = (
				en,
				Base,
				ko,
			);
			mainGroup = 23D6C89B2B43D5B600B96C95;
			packageReferences = (
				231C18012B44D8F800EE9BDD /* XCRemoteSwiftPackageReference "RxSwift" */,
				231C180C2B44E3C600EE9BDD /* XCRemoteSwiftPackageReference "SnapKit" */,
				231C180F2B44E3D200EE9BDD /* XCRemoteSwiftPackageReference "Then" */,
				234A63072B4FAC06000F9805 /* XCRemoteSwiftPackageReference "MessageKit" */,
			);
			productRefGroup = 23D6C8A52B43D5B600B96C95 /* Products */;
			projectDirPath = "";
			projectRoot = "";
			targets = (
				23D6C8A32B43D5B600B96C95 /* swift-example */,
			);
		};
/* End PBXProject section */

/* Begin PBXResourcesBuildPhase section */
		23D6C8A22B43D5B600B96C95 /* Resources */ = {
			isa = PBXResourcesBuildPhase;
			buildActionMask = 2147483647;
			files = (
				23D6C8D22B43E00200B96C95 /* Localizable.strings in Resources */,
				23D6C8B42B43D5B600B96C95 /* LaunchScreen.storyboard in Resources */,
				23D6C8B12B43D5B600B96C95 /* Assets.xcassets in Resources */,
				234A630F2B4FAF3A000F9805 /* .gitkeep in Resources */,
			);
			runOnlyForDeploymentPostprocessing = 0;
		};
/* End PBXResourcesBuildPhase section */

/* Begin PBXSourcesBuildPhase section */
		23D6C8A02B43D5B600B96C95 /* Sources */ = {
			isa = PBXSourcesBuildPhase;
			buildActionMask = 2147483647;
			files = (
				231C18092B44D9CE00EE9BDD /* RxSampleVC.swift in Sources */,
				234A630B2B4FAC83000F9805 /* JDMChatBotVC.swift in Sources */,
				231C180B2B44E33C00EE9BDD /* PochacoFilterVC.swift in Sources */,
				231822D42B466E5000D2CF04 /* CalculateTopInset.swift in Sources */,
				23D6C8AC2B43D5B600B96C95 /* ViewController.swift in Sources */,
				23D6C8D92B43E94900B96C95 /* LanguageLiterals.swift in Sources */,
				23D6C8D72B43E8F100B96C95 /* LocalizationVC.swift in Sources */,
				23D6C8DD2B43E97E00B96C95 /* LanguageManager.swift in Sources */,
				23A7928F2B50DBC100656257 /* ColorLiterals.swift in Sources */,
				23949B5B2B45007700A3D10B /* UIView+.swift in Sources */,
				234A63132B4FAF71000F9805 /* MessageModel.swift in Sources */,
				237096BD2B4624AD00A245A4 /* ImageLiterals.swift in Sources */,
				231822D22B466DDE00D2CF04 /* Toast.swift in Sources */,
				23D6C8A82B43D5B600B96C95 /* AppDelegate.swift in Sources */,
				23D6C8AA2B43D5B600B96C95 /* SceneDelegate.swift in Sources */,
			);
			runOnlyForDeploymentPostprocessing = 0;
		};
/* End PBXSourcesBuildPhase section */

/* Begin PBXVariantGroup section */
		23D6C8B22B43D5B600B96C95 /* LaunchScreen.storyboard */ = {
			isa = PBXVariantGroup;
			children = (
				23D6C8B32B43D5B600B96C95 /* Base */,
			);
			name = LaunchScreen.storyboard;
			sourceTree = "<group>";
		};
		23D6C8D42B43E00200B96C95 /* Localizable.strings */ = {
			isa = PBXVariantGroup;
			children = (
				23D6C8D32B43E00200B96C95 /* en */,
				23D6C8D52B43E00A00B96C95 /* ko */,
			);
			name = Localizable.strings;
			sourceTree = "<group>";
		};
/* End PBXVariantGroup section */

/* Begin XCBuildConfiguration section */
		23D6C8B62B43D5B600B96C95 /* Debug */ = {
			isa = XCBuildConfiguration;
			buildSettings = {
				ALWAYS_SEARCH_USER_PATHS = NO;
				CLANG_ANALYZER_LOCALIZABILITY_NONLOCALIZED = YES;
				CLANG_ANALYZER_NONNULL = YES;
				CLANG_ANALYZER_NUMBER_OBJECT_CONVERSION = YES_AGGRESSIVE;
				CLANG_CXX_LANGUAGE_STANDARD = "gnu++20";
				CLANG_ENABLE_MODULES = YES;
				CLANG_ENABLE_OBJC_ARC = YES;
				CLANG_ENABLE_OBJC_WEAK = YES;
				CLANG_WARN_BLOCK_CAPTURE_AUTORELEASING = YES;
				CLANG_WARN_BOOL_CONVERSION = YES;
				CLANG_WARN_COMMA = YES;
				CLANG_WARN_CONSTANT_CONVERSION = YES;
				CLANG_WARN_DEPRECATED_OBJC_IMPLEMENTATIONS = YES;
				CLANG_WARN_DIRECT_OBJC_ISA_USAGE = YES_ERROR;
				CLANG_WARN_DOCUMENTATION_COMMENTS = YES;
				CLANG_WARN_EMPTY_BODY = YES;
				CLANG_WARN_ENUM_CONVERSION = YES;
				CLANG_WARN_INFINITE_RECURSION = YES;
				CLANG_WARN_INT_CONVERSION = YES;
				CLANG_WARN_NON_LITERAL_NULL_CONVERSION = YES;
				CLANG_WARN_OBJC_IMPLICIT_RETAIN_SELF = YES;
				CLANG_WARN_OBJC_LITERAL_CONVERSION = YES;
				CLANG_WARN_OBJC_ROOT_CLASS = YES_ERROR;
				CLANG_WARN_QUOTED_INCLUDE_IN_FRAMEWORK_HEADER = YES;
				CLANG_WARN_RANGE_LOOP_ANALYSIS = YES;
				CLANG_WARN_STRICT_PROTOTYPES = YES;
				CLANG_WARN_SUSPICIOUS_MOVE = YES;
				CLANG_WARN_UNGUARDED_AVAILABILITY = YES_AGGRESSIVE;
				CLANG_WARN_UNREACHABLE_CODE = YES;
				CLANG_WARN__DUPLICATE_METHOD_MATCH = YES;
				COPY_PHASE_STRIP = NO;
				DEBUG_INFORMATION_FORMAT = dwarf;
				ENABLE_STRICT_OBJC_MSGSEND = YES;
				ENABLE_TESTABILITY = YES;
				GCC_C_LANGUAGE_STANDARD = gnu11;
				GCC_DYNAMIC_NO_PIC = NO;
				GCC_NO_COMMON_BLOCKS = YES;
				GCC_OPTIMIZATION_LEVEL = 0;
				GCC_PREPROCESSOR_DEFINITIONS = (
					"DEBUG=1",
					"$(inherited)",
				);
				GCC_WARN_64_TO_32_BIT_CONVERSION = YES;
				GCC_WARN_ABOUT_RETURN_TYPE = YES_ERROR;
				GCC_WARN_UNDECLARED_SELECTOR = YES;
				GCC_WARN_UNINITIALIZED_AUTOS = YES_AGGRESSIVE;
				GCC_WARN_UNUSED_FUNCTION = YES;
				GCC_WARN_UNUSED_VARIABLE = YES;
				IPHONEOS_DEPLOYMENT_TARGET = 16.4;
				MTL_ENABLE_DEBUG_INFO = INCLUDE_SOURCE;
				MTL_FAST_MATH = YES;
				ONLY_ACTIVE_ARCH = YES;
				SDKROOT = iphoneos;
				SWIFT_ACTIVE_COMPILATION_CONDITIONS = DEBUG;
				SWIFT_OPTIMIZATION_LEVEL = "-Onone";
			};
			name = Debug;
		};
		23D6C8B72B43D5B600B96C95 /* Release */ = {
			isa = XCBuildConfiguration;
			buildSettings = {
				ALWAYS_SEARCH_USER_PATHS = NO;
				CLANG_ANALYZER_LOCALIZABILITY_NONLOCALIZED = YES;
				CLANG_ANALYZER_NONNULL = YES;
				CLANG_ANALYZER_NUMBER_OBJECT_CONVERSION = YES_AGGRESSIVE;
				CLANG_CXX_LANGUAGE_STANDARD = "gnu++20";
				CLANG_ENABLE_MODULES = YES;
				CLANG_ENABLE_OBJC_ARC = YES;
				CLANG_ENABLE_OBJC_WEAK = YES;
				CLANG_WARN_BLOCK_CAPTURE_AUTORELEASING = YES;
				CLANG_WARN_BOOL_CONVERSION = YES;
				CLANG_WARN_COMMA = YES;
				CLANG_WARN_CONSTANT_CONVERSION = YES;
				CLANG_WARN_DEPRECATED_OBJC_IMPLEMENTATIONS = YES;
				CLANG_WARN_DIRECT_OBJC_ISA_USAGE = YES_ERROR;
				CLANG_WARN_DOCUMENTATION_COMMENTS = YES;
				CLANG_WARN_EMPTY_BODY = YES;
				CLANG_WARN_ENUM_CONVERSION = YES;
				CLANG_WARN_INFINITE_RECURSION = YES;
				CLANG_WARN_INT_CONVERSION = YES;
				CLANG_WARN_NON_LITERAL_NULL_CONVERSION = YES;
				CLANG_WARN_OBJC_IMPLICIT_RETAIN_SELF = YES;
				CLANG_WARN_OBJC_LITERAL_CONVERSION = YES;
				CLANG_WARN_OBJC_ROOT_CLASS = YES_ERROR;
				CLANG_WARN_QUOTED_INCLUDE_IN_FRAMEWORK_HEADER = YES;
				CLANG_WARN_RANGE_LOOP_ANALYSIS = YES;
				CLANG_WARN_STRICT_PROTOTYPES = YES;
				CLANG_WARN_SUSPICIOUS_MOVE = YES;
				CLANG_WARN_UNGUARDED_AVAILABILITY = YES_AGGRESSIVE;
				CLANG_WARN_UNREACHABLE_CODE = YES;
				CLANG_WARN__DUPLICATE_METHOD_MATCH = YES;
				COPY_PHASE_STRIP = NO;
				DEBUG_INFORMATION_FORMAT = "dwarf-with-dsym";
				ENABLE_NS_ASSERTIONS = NO;
				ENABLE_STRICT_OBJC_MSGSEND = YES;
				GCC_C_LANGUAGE_STANDARD = gnu11;
				GCC_NO_COMMON_BLOCKS = YES;
				GCC_WARN_64_TO_32_BIT_CONVERSION = YES;
				GCC_WARN_ABOUT_RETURN_TYPE = YES_ERROR;
				GCC_WARN_UNDECLARED_SELECTOR = YES;
				GCC_WARN_UNINITIALIZED_AUTOS = YES_AGGRESSIVE;
				GCC_WARN_UNUSED_FUNCTION = YES;
				GCC_WARN_UNUSED_VARIABLE = YES;
				IPHONEOS_DEPLOYMENT_TARGET = 16.4;
				MTL_ENABLE_DEBUG_INFO = NO;
				MTL_FAST_MATH = YES;
				SDKROOT = iphoneos;
				SWIFT_COMPILATION_MODE = wholemodule;
				SWIFT_OPTIMIZATION_LEVEL = "-O";
				VALIDATE_PRODUCT = YES;
			};
			name = Release;
		};
		23D6C8B92B43D5B600B96C95 /* Debug */ = {
			isa = XCBuildConfiguration;
			buildSettings = {
				ASSETCATALOG_COMPILER_APPICON_NAME = AppIcon;
				ASSETCATALOG_COMPILER_GLOBAL_ACCENT_COLOR_NAME = AccentColor;
				CODE_SIGN_STYLE = Automatic;
				CURRENT_PROJECT_VERSION = 1;
				DEVELOPMENT_TEAM = DC3S427YPD;
				GENERATE_INFOPLIST_FILE = YES;
				INFOPLIST_FILE = "swift-example/Info.plist";
				INFOPLIST_KEY_NSCameraUsageDescription = "The app needs to access the Camera to face tracking.";
				INFOPLIST_KEY_NSPhotoLibraryUsageDescription = "The app needs to access the Photo to save pictures.";
				INFOPLIST_KEY_UIApplicationSupportsIndirectInputEvents = YES;
				INFOPLIST_KEY_UILaunchStoryboardName = LaunchScreen;
				INFOPLIST_KEY_UISupportedInterfaceOrientations_iPad = "UIInterfaceOrientationPortrait UIInterfaceOrientationPortraitUpsideDown UIInterfaceOrientationLandscapeLeft UIInterfaceOrientationLandscapeRight";
				INFOPLIST_KEY_UISupportedInterfaceOrientations_iPhone = "UIInterfaceOrientationPortrait UIInterfaceOrientationLandscapeLeft UIInterfaceOrientationLandscapeRight";
				LD_RUNPATH_SEARCH_PATHS = (
					"$(inherited)",
					"@executable_path/Frameworks",
				);
				MARKETING_VERSION = 1.0;
				PRODUCT_BUNDLE_IDENTIFIER = "com.reenact.practice-swift.swift-example";
				PRODUCT_NAME = "$(TARGET_NAME)";
				SWIFT_EMIT_LOC_STRINGS = YES;
				SWIFT_VERSION = 5.0;
				TARGETED_DEVICE_FAMILY = "1,2";
			};
			name = Debug;
		};
		23D6C8BA2B43D5B600B96C95 /* Release */ = {
			isa = XCBuildConfiguration;
			buildSettings = {
				ASSETCATALOG_COMPILER_APPICON_NAME = AppIcon;
				ASSETCATALOG_COMPILER_GLOBAL_ACCENT_COLOR_NAME = AccentColor;
				CODE_SIGN_STYLE = Automatic;
				CURRENT_PROJECT_VERSION = 1;
				DEVELOPMENT_TEAM = DC3S427YPD;
				GENERATE_INFOPLIST_FILE = YES;
				INFOPLIST_FILE = "swift-example/Info.plist";
				INFOPLIST_KEY_NSCameraUsageDescription = "The app needs to access the Camera to face tracking.";
				INFOPLIST_KEY_NSPhotoLibraryUsageDescription = "The app needs to access the Photo to save pictures.";
				INFOPLIST_KEY_UIApplicationSupportsIndirectInputEvents = YES;
				INFOPLIST_KEY_UILaunchStoryboardName = LaunchScreen;
				INFOPLIST_KEY_UISupportedInterfaceOrientations_iPad = "UIInterfaceOrientationPortrait UIInterfaceOrientationPortraitUpsideDown UIInterfaceOrientationLandscapeLeft UIInterfaceOrientationLandscapeRight";
				INFOPLIST_KEY_UISupportedInterfaceOrientations_iPhone = "UIInterfaceOrientationPortrait UIInterfaceOrientationLandscapeLeft UIInterfaceOrientationLandscapeRight";
				LD_RUNPATH_SEARCH_PATHS = (
					"$(inherited)",
					"@executable_path/Frameworks",
				);
				MARKETING_VERSION = 1.0;
				PRODUCT_BUNDLE_IDENTIFIER = "com.reenact.practice-swift.swift-example";
				PRODUCT_NAME = "$(TARGET_NAME)";
				SWIFT_EMIT_LOC_STRINGS = YES;
				SWIFT_VERSION = 5.0;
				TARGETED_DEVICE_FAMILY = "1,2";
			};
			name = Release;
		};
/* End XCBuildConfiguration section */

/* Begin XCConfigurationList section */
		23D6C89F2B43D5B600B96C95 /* Build configuration list for PBXProject "swift-example" */ = {
			isa = XCConfigurationList;
			buildConfigurations = (
				23D6C8B62B43D5B600B96C95 /* Debug */,
				23D6C8B72B43D5B600B96C95 /* Release */,
			);
			defaultConfigurationIsVisible = 0;
			defaultConfigurationName = Release;
		};
		23D6C8B82B43D5B600B96C95 /* Build configuration list for PBXNativeTarget "swift-example" */ = {
			isa = XCConfigurationList;
			buildConfigurations = (
				23D6C8B92B43D5B600B96C95 /* Debug */,
				23D6C8BA2B43D5B600B96C95 /* Release */,
			);
			defaultConfigurationIsVisible = 0;
			defaultConfigurationName = Release;
		};
/* End XCConfigurationList section */

/* Begin XCRemoteSwiftPackageReference section */
		231C18012B44D8F800EE9BDD /* XCRemoteSwiftPackageReference "RxSwift" */ = {
			isa = XCRemoteSwiftPackageReference;
			repositoryURL = "https://github.com/ReactiveX/RxSwift.git";
			requirement = {
				kind = upToNextMajorVersion;
				minimumVersion = 6.0.0;
			};
		};
		231C180C2B44E3C600EE9BDD /* XCRemoteSwiftPackageReference "SnapKit" */ = {
			isa = XCRemoteSwiftPackageReference;
			repositoryURL = "https://github.com/SnapKit/SnapKit.git";
			requirement = {
				kind = upToNextMajorVersion;
				minimumVersion = 5.0.0;
			};
		};
		231C180F2B44E3D200EE9BDD /* XCRemoteSwiftPackageReference "Then" */ = {
			isa = XCRemoteSwiftPackageReference;
			repositoryURL = "https://github.com/devxoul/Then.git";
			requirement = {
				kind = upToNextMajorVersion;
				minimumVersion = 3.0.0;
			};
		};
		234A63072B4FAC06000F9805 /* XCRemoteSwiftPackageReference "MessageKit" */ = {
			isa = XCRemoteSwiftPackageReference;
			repositoryURL = "https://github.com/MessageKit/MessageKit.git";
			requirement = {
				kind = upToNextMajorVersion;
				minimumVersion = 4.2.0;
			};
		};
/* End XCRemoteSwiftPackageReference section */

/* Begin XCSwiftPackageProductDependency section */
		231C18022B44D8F800EE9BDD /* RxCocoa */ = {
			isa = XCSwiftPackageProductDependency;
			package = 231C18012B44D8F800EE9BDD /* XCRemoteSwiftPackageReference "RxSwift" */;
			productName = RxCocoa;
		};
		231C18042B44D8F800EE9BDD /* RxSwift */ = {
			isa = XCSwiftPackageProductDependency;
			package = 231C18012B44D8F800EE9BDD /* XCRemoteSwiftPackageReference "RxSwift" */;
			productName = RxSwift;
		};
		231C180D2B44E3C600EE9BDD /* SnapKit */ = {
			isa = XCSwiftPackageProductDependency;
			package = 231C180C2B44E3C600EE9BDD /* XCRemoteSwiftPackageReference "SnapKit" */;
			productName = SnapKit;
		};
		231C18102B44E3D200EE9BDD /* Then */ = {
			isa = XCSwiftPackageProductDependency;
			package = 231C180F2B44E3D200EE9BDD /* XCRemoteSwiftPackageReference "Then" */;
			productName = Then;
		};
		234A63082B4FAC06000F9805 /* MessageKit */ = {
			isa = XCSwiftPackageProductDependency;
			package = 234A63072B4FAC06000F9805 /* XCRemoteSwiftPackageReference "MessageKit" */;
			productName = MessageKit;
		};
/* End XCSwiftPackageProductDependency section */
	};
	rootObject = 23D6C89C2B43D5B600B96C95 /* Project object */;
}
