// !$*UTF8*$!
{
	archiveVersion = 1;
	classes = {
	};
	objectVersion = 56;
	objects = {

/* Begin PBXBuildFile section */
		232C7ECE2B687BF800451181 /* ActorDemoView.swift in Sources */ = {isa = PBXBuildFile; fileRef = 232C7ECD2B687BF800451181 /* ActorDemoView.swift */; };
		232C7ED02B6881FF00451181 /* LifeCycleDemoView.swift in Sources */ = {isa = PBXBuildFile; fileRef = 232C7ECF2B6881FF00451181 /* LifeCycleDemoView.swift */; };
		232C7ED22B68828500451181 /* FirstTabView.swift in Sources */ = {isa = PBXBuildFile; fileRef = 232C7ED12B68828500451181 /* FirstTabView.swift */; };
		232C7ED72B68834A00451181 /* SecondTabView.swift in Sources */ = {isa = PBXBuildFile; fileRef = 232C7ED62B68834A00451181 /* SecondTabView.swift */; };
		232C7ED92B6889F100451181 /* TimerData.swift in Sources */ = {isa = PBXBuildFile; fileRef = 232C7ED82B6889F100451181 /* TimerData.swift */; };
		232C7EDE2B68920500451181 /* ObservableDemoView.swift in Sources */ = {isa = PBXBuildFile; fileRef = 232C7EDD2B68920500451181 /* ObservableDemoView.swift */; };
		232C7EE02B6892A000451181 /* ObservableDemoSecondView.swift in Sources */ = {isa = PBXBuildFile; fileRef = 232C7EDF2B6892A000451181 /* ObservableDemoSecondView.swift */; };
		232C7EE32B68997100451181 /* StorageDemoView.swift in Sources */ = {isa = PBXBuildFile; fileRef = 232C7EE22B68997100451181 /* StorageDemoView.swift */; };
		232C7EE52B6899D100451181 /* SceneStorageView.swift in Sources */ = {isa = PBXBuildFile; fileRef = 232C7EE42B6899D100451181 /* SceneStorageView.swift */; };
		232C7EE72B689A2000451181 /* AppStorageView.swift in Sources */ = {isa = PBXBuildFile; fileRef = 232C7EE62B689A2000451181 /* AppStorageView.swift */; };
		232C7EEA2B689DAD00451181 /* AlignmentDemoView.swift in Sources */ = {isa = PBXBuildFile; fileRef = 232C7EE92B689DAD00451181 /* AlignmentDemoView.swift */; };
		232C7EEC2B68B08900451181 /* AlignmnetGuideTool.swift in Sources */ = {isa = PBXBuildFile; fileRef = 232C7EEB2B68B08900451181 /* AlignmnetGuideTool.swift */; };
		232C7EEF2B68B93100451181 /* ListDemoView.swift in Sources */ = {isa = PBXBuildFile; fileRef = 232C7EEE2B68B93100451181 /* ListDemoView.swift */; };
		232C7EF12B68C30300451181 /* CarAssets.xcassets in Resources */ = {isa = PBXBuildFile; fileRef = 232C7EF02B68C30300451181 /* CarAssets.xcassets */; };
		232C7EF32B68C33900451181 /* carData.json in Resources */ = {isa = PBXBuildFile; fileRef = 232C7EF22B68C33900451181 /* carData.json */; };
		232C7EF52B68C36200451181 /* CarListDemoView.swift in Sources */ = {isa = PBXBuildFile; fileRef = 232C7EF42B68C36200451181 /* CarListDemoView.swift */; };
		232C7EF72B68C3BC00451181 /* Car.swift in Sources */ = {isa = PBXBuildFile; fileRef = 232C7EF62B68C3BC00451181 /* Car.swift */; };
		232C7EF92B68C40600451181 /* CarData.swift in Sources */ = {isa = PBXBuildFile; fileRef = 232C7EF82B68C40600451181 /* CarData.swift */; };
		232C7EFB2B68C50300451181 /* CarStore.swift in Sources */ = {isa = PBXBuildFile; fileRef = 232C7EFA2B68C50300451181 /* CarStore.swift */; };
		232C7EFD2B68C9DF00451181 /* CarDetail.swift in Sources */ = {isa = PBXBuildFile; fileRef = 232C7EFC2B68C9DF00451181 /* CarDetail.swift */; };
		232C7EFF2B68CBE500451181 /* AddNewCarView.swift in Sources */ = {isa = PBXBuildFile; fileRef = 232C7EFE2B68CBE500451181 /* AddNewCarView.swift */; };
		232C7F022B68D01400451181 /* NavigationSplitDemoView.swift in Sources */ = {isa = PBXBuildFile; fileRef = 232C7F012B68D01400451181 /* NavigationSplitDemoView.swift */; };
		232C7F042B68D21B00451181 /* IconCategroy.swift in Sources */ = {isa = PBXBuildFile; fileRef = 232C7F032B68D21B00451181 /* IconCategroy.swift */; };
		232C7F062B68D28000451181 /* NavigationSplitIconsView.swift in Sources */ = {isa = PBXBuildFile; fileRef = 232C7F052B68D28000451181 /* NavigationSplitIconsView.swift */; };
		232C7F0E2B68DC2F00451181 /* OutlineGroupDemoView.swift in Sources */ = {isa = PBXBuildFile; fileRef = 232C7F0D2B68DC2F00451181 /* OutlineGroupDemoView.swift */; };
		232C7F102B68DE8400451181 /* SettingView.swift in Sources */ = {isa = PBXBuildFile; fileRef = 232C7F0F2B68DE8400451181 /* SettingView.swift */; };
		232C7F132B68E12500451181 /* GridDemoView.swift in Sources */ = {isa = PBXBuildFile; fileRef = 232C7F122B68E12500451181 /* GridDemoView.swift */; };
		232C7F152B68E59800451181 /* GridDemoRowView.swift in Sources */ = {isa = PBXBuildFile; fileRef = 232C7F142B68E59800451181 /* GridDemoRowView.swift */; };
		23975D202B67446D00F73D87 /* swiftui_exampleApp.swift in Sources */ = {isa = PBXBuildFile; fileRef = 23975D1F2B67446D00F73D87 /* swiftui_exampleApp.swift */; };
		23975D222B67446D00F73D87 /* ContentView.swift in Sources */ = {isa = PBXBuildFile; fileRef = 23975D212B67446D00F73D87 /* ContentView.swift */; };
		23975D242B67446E00F73D87 /* Assets.xcassets in Resources */ = {isa = PBXBuildFile; fileRef = 23975D232B67446E00F73D87 /* Assets.xcassets */; };
		23975D282B67446E00F73D87 /* Preview Assets.xcassets in Resources */ = {isa = PBXBuildFile; fileRef = 23975D272B67446E00F73D87 /* Preview Assets.xcassets */; };
		23975D2F2B675F9B00F73D87 /* PracticeStackView.swift in Sources */ = {isa = PBXBuildFile; fileRef = 23975D2E2B675F9B00F73D87 /* PracticeStackView.swift */; };
		23975D312B67688F00F73D87 /* PracticeStatePropertyView.swift in Sources */ = {isa = PBXBuildFile; fileRef = 23975D302B67688F00F73D87 /* PracticeStatePropertyView.swift */; };
		23975D332B676C1D00F73D87 /* DemoData.swift in Sources */ = {isa = PBXBuildFile; fileRef = 23975D322B676C1D00F73D87 /* DemoData.swift */; };
		23975D352B676F2500F73D87 /* SpeedControlView.swift in Sources */ = {isa = PBXBuildFile; fileRef = 23975D342B676F2500F73D87 /* SpeedControlView.swift */; };
		23975D392B67712F00F73D87 /* DemoProjectView.swift in Sources */ = {isa = PBXBuildFile; fileRef = 23975D382B67712F00F73D87 /* DemoProjectView.swift */; };
		23975D3B2B6777B000F73D87 /* ConcurrncyDemoView.swift in Sources */ = {isa = PBXBuildFile; fileRef = 23975D3A2B6777B000F73D87 /* ConcurrncyDemoView.swift */; };
		23D513A92B69CBEE00EBF4C7 /* TabViewDemoView.swift in Sources */ = {isa = PBXBuildFile; fileRef = 23D513A82B69CBEE00EBF4C7 /* TabViewDemoView.swift */; };
		23D513AC2B69CE4500EBF4C7 /* ContextMenuDemoView.swift in Sources */ = {isa = PBXBuildFile; fileRef = 23D513AB2B69CE4500EBF4C7 /* ContextMenuDemoView.swift */; };
		23D513AF2B69CFEA00EBF4C7 /* DrawDemoView.swift in Sources */ = {isa = PBXBuildFile; fileRef = 23D513AE2B69CFEA00EBF4C7 /* DrawDemoView.swift */; };
/* End PBXBuildFile section */

/* Begin PBXFileReference section */
		232C7ECD2B687BF800451181 /* ActorDemoView.swift */ = {isa = PBXFileReference; lastKnownFileType = sourcecode.swift; path = ActorDemoView.swift; sourceTree = "<group>"; };
		232C7ECF2B6881FF00451181 /* LifeCycleDemoView.swift */ = {isa = PBXFileReference; lastKnownFileType = sourcecode.swift; path = LifeCycleDemoView.swift; sourceTree = "<group>"; };
		232C7ED12B68828500451181 /* FirstTabView.swift */ = {isa = PBXFileReference; lastKnownFileType = sourcecode.swift; path = FirstTabView.swift; sourceTree = "<group>"; };
		232C7ED62B68834A00451181 /* SecondTabView.swift */ = {isa = PBXFileReference; lastKnownFileType = sourcecode.swift; path = SecondTabView.swift; sourceTree = "<group>"; };
		232C7ED82B6889F100451181 /* TimerData.swift */ = {isa = PBXFileReference; lastKnownFileType = sourcecode.swift; path = TimerData.swift; sourceTree = "<group>"; };
		232C7EDD2B68920500451181 /* ObservableDemoView.swift */ = {isa = PBXFileReference; lastKnownFileType = sourcecode.swift; path = ObservableDemoView.swift; sourceTree = "<group>"; };
		232C7EDF2B6892A000451181 /* ObservableDemoSecondView.swift */ = {isa = PBXFileReference; lastKnownFileType = sourcecode.swift; path = ObservableDemoSecondView.swift; sourceTree = "<group>"; };
		232C7EE22B68997100451181 /* StorageDemoView.swift */ = {isa = PBXFileReference; lastKnownFileType = sourcecode.swift; path = StorageDemoView.swift; sourceTree = "<group>"; };
		232C7EE42B6899D100451181 /* SceneStorageView.swift */ = {isa = PBXFileReference; lastKnownFileType = sourcecode.swift; path = SceneStorageView.swift; sourceTree = "<group>"; };
		232C7EE62B689A2000451181 /* AppStorageView.swift */ = {isa = PBXFileReference; lastKnownFileType = sourcecode.swift; path = AppStorageView.swift; sourceTree = "<group>"; };
		232C7EE92B689DAD00451181 /* AlignmentDemoView.swift */ = {isa = PBXFileReference; lastKnownFileType = sourcecode.swift; path = AlignmentDemoView.swift; sourceTree = "<group>"; };
		232C7EEB2B68B08900451181 /* AlignmnetGuideTool.swift */ = {isa = PBXFileReference; lastKnownFileType = sourcecode.swift; path = AlignmnetGuideTool.swift; sourceTree = "<group>"; };
		232C7EEE2B68B93100451181 /* ListDemoView.swift */ = {isa = PBXFileReference; lastKnownFileType = sourcecode.swift; path = ListDemoView.swift; sourceTree = "<group>"; };
		232C7EF02B68C30300451181 /* CarAssets.xcassets */ = {isa = PBXFileReference; lastKnownFileType = folder.assetcatalog; path = CarAssets.xcassets; sourceTree = "<group>"; };
		232C7EF22B68C33900451181 /* carData.json */ = {isa = PBXFileReference; fileEncoding = 4; lastKnownFileType = text.json; path = carData.json; sourceTree = "<group>"; };
		232C7EF42B68C36200451181 /* CarListDemoView.swift */ = {isa = PBXFileReference; lastKnownFileType = sourcecode.swift; path = CarListDemoView.swift; sourceTree = "<group>"; };
		232C7EF62B68C3BC00451181 /* Car.swift */ = {isa = PBXFileReference; lastKnownFileType = sourcecode.swift; path = Car.swift; sourceTree = "<group>"; };
		232C7EF82B68C40600451181 /* CarData.swift */ = {isa = PBXFileReference; lastKnownFileType = sourcecode.swift; path = CarData.swift; sourceTree = "<group>"; };
		232C7EFA2B68C50300451181 /* CarStore.swift */ = {isa = PBXFileReference; lastKnownFileType = sourcecode.swift; path = CarStore.swift; sourceTree = "<group>"; };
		232C7EFC2B68C9DF00451181 /* CarDetail.swift */ = {isa = PBXFileReference; lastKnownFileType = sourcecode.swift; path = CarDetail.swift; sourceTree = "<group>"; };
		232C7EFE2B68CBE500451181 /* AddNewCarView.swift */ = {isa = PBXFileReference; lastKnownFileType = sourcecode.swift; path = AddNewCarView.swift; sourceTree = "<group>"; };
		232C7F012B68D01400451181 /* NavigationSplitDemoView.swift */ = {isa = PBXFileReference; lastKnownFileType = sourcecode.swift; path = NavigationSplitDemoView.swift; sourceTree = "<group>"; };
		232C7F032B68D21B00451181 /* IconCategroy.swift */ = {isa = PBXFileReference; lastKnownFileType = sourcecode.swift; path = IconCategroy.swift; sourceTree = "<group>"; };
		232C7F052B68D28000451181 /* NavigationSplitIconsView.swift */ = {isa = PBXFileReference; lastKnownFileType = sourcecode.swift; path = NavigationSplitIconsView.swift; sourceTree = "<group>"; };
		232C7F0D2B68DC2F00451181 /* OutlineGroupDemoView.swift */ = {isa = PBXFileReference; lastKnownFileType = sourcecode.swift; path = OutlineGroupDemoView.swift; sourceTree = "<group>"; };
		232C7F0F2B68DE8400451181 /* SettingView.swift */ = {isa = PBXFileReference; lastKnownFileType = sourcecode.swift; path = SettingView.swift; sourceTree = "<group>"; };
		232C7F122B68E12500451181 /* GridDemoView.swift */ = {isa = PBXFileReference; lastKnownFileType = sourcecode.swift; path = GridDemoView.swift; sourceTree = "<group>"; };
		232C7F142B68E59800451181 /* GridDemoRowView.swift */ = {isa = PBXFileReference; lastKnownFileType = sourcecode.swift; path = GridDemoRowView.swift; sourceTree = "<group>"; };
		23975D1C2B67446D00F73D87 /* swiftui-example.app */ = {isa = PBXFileReference; explicitFileType = wrapper.application; includeInIndex = 0; path = "swiftui-example.app"; sourceTree = BUILT_PRODUCTS_DIR; };
		23975D1F2B67446D00F73D87 /* swiftui_exampleApp.swift */ = {isa = PBXFileReference; lastKnownFileType = sourcecode.swift; path = swiftui_exampleApp.swift; sourceTree = "<group>"; };
		23975D212B67446D00F73D87 /* ContentView.swift */ = {isa = PBXFileReference; lastKnownFileType = sourcecode.swift; path = ContentView.swift; sourceTree = "<group>"; };
		23975D232B67446E00F73D87 /* Assets.xcassets */ = {isa = PBXFileReference; lastKnownFileType = folder.assetcatalog; path = Assets.xcassets; sourceTree = "<group>"; };
		23975D252B67446E00F73D87 /* swiftui_example.entitlements */ = {isa = PBXFileReference; lastKnownFileType = text.plist.entitlements; path = swiftui_example.entitlements; sourceTree = "<group>"; };
		23975D272B67446E00F73D87 /* Preview Assets.xcassets */ = {isa = PBXFileReference; lastKnownFileType = folder.assetcatalog; path = "Preview Assets.xcassets"; sourceTree = "<group>"; };
		23975D2E2B675F9B00F73D87 /* PracticeStackView.swift */ = {isa = PBXFileReference; lastKnownFileType = sourcecode.swift; path = PracticeStackView.swift; sourceTree = "<group>"; };
		23975D302B67688F00F73D87 /* PracticeStatePropertyView.swift */ = {isa = PBXFileReference; lastKnownFileType = sourcecode.swift; path = PracticeStatePropertyView.swift; sourceTree = "<group>"; };
		23975D322B676C1D00F73D87 /* DemoData.swift */ = {isa = PBXFileReference; lastKnownFileType = sourcecode.swift; path = DemoData.swift; sourceTree = "<group>"; };
		23975D342B676F2500F73D87 /* SpeedControlView.swift */ = {isa = PBXFileReference; lastKnownFileType = sourcecode.swift; path = SpeedControlView.swift; sourceTree = "<group>"; };
		23975D382B67712F00F73D87 /* DemoProjectView.swift */ = {isa = PBXFileReference; lastKnownFileType = sourcecode.swift; path = DemoProjectView.swift; sourceTree = "<group>"; };
		23975D3A2B6777B000F73D87 /* ConcurrncyDemoView.swift */ = {isa = PBXFileReference; lastKnownFileType = sourcecode.swift; path = ConcurrncyDemoView.swift; sourceTree = "<group>"; };
		23D513A82B69CBEE00EBF4C7 /* TabViewDemoView.swift */ = {isa = PBXFileReference; lastKnownFileType = sourcecode.swift; path = TabViewDemoView.swift; sourceTree = "<group>"; };
		23D513AB2B69CE4500EBF4C7 /* ContextMenuDemoView.swift */ = {isa = PBXFileReference; lastKnownFileType = sourcecode.swift; path = ContextMenuDemoView.swift; sourceTree = "<group>"; };
		23D513AE2B69CFEA00EBF4C7 /* DrawDemoView.swift */ = {isa = PBXFileReference; lastKnownFileType = sourcecode.swift; path = DrawDemoView.swift; sourceTree = "<group>"; };
/* End PBXFileReference section */

/* Begin PBXFrameworksBuildPhase section */
		23975D192B67446D00F73D87 /* Frameworks */ = {
			isa = PBXFrameworksBuildPhase;
			buildActionMask = 2147483647;
			files = (
			);
			runOnlyForDeploymentPostprocessing = 0;
		};
/* End PBXFrameworksBuildPhase section */

/* Begin PBXGroup section */
		232C7ED32B68828F00451181 /* life-cycle-demo */ = {
			isa = PBXGroup;
			children = (
				232C7ECF2B6881FF00451181 /* LifeCycleDemoView.swift */,
				232C7ED12B68828500451181 /* FirstTabView.swift */,
				232C7ED62B68834A00451181 /* SecondTabView.swift */,
			);
			path = "life-cycle-demo";
			sourceTree = "<group>";
		};
		232C7EDA2B688E5D00451181 /* observable-demo */ = {
			isa = PBXGroup;
			children = (
				232C7ED82B6889F100451181 /* TimerData.swift */,
				232C7EDD2B68920500451181 /* ObservableDemoView.swift */,
				232C7EDF2B6892A000451181 /* ObservableDemoSecondView.swift */,
			);
			path = "observable-demo";
			sourceTree = "<group>";
		};
		232C7EE12B68976A00451181 /* storage-demo */ = {
			isa = PBXGroup;
			children = (
				232C7EE22B68997100451181 /* StorageDemoView.swift */,
				232C7EE42B6899D100451181 /* SceneStorageView.swift */,
				232C7EE62B689A2000451181 /* AppStorageView.swift */,
			);
			path = "storage-demo";
			sourceTree = "<group>";
		};
		232C7EE82B689D9100451181 /* alignment-demo */ = {
			isa = PBXGroup;
			children = (
				232C7EE92B689DAD00451181 /* AlignmentDemoView.swift */,
				232C7EEB2B68B08900451181 /* AlignmnetGuideTool.swift */,
			);
			path = "alignment-demo";
			sourceTree = "<group>";
		};
		232C7EED2B68B91D00451181 /* list-demo */ = {
			isa = PBXGroup;
			children = (
				232C7EF02B68C30300451181 /* CarAssets.xcassets */,
				232C7EF22B68C33900451181 /* carData.json */,
				232C7EEE2B68B93100451181 /* ListDemoView.swift */,
				232C7EF42B68C36200451181 /* CarListDemoView.swift */,
				232C7EFE2B68CBE500451181 /* AddNewCarView.swift */,
				232C7EF62B68C3BC00451181 /* Car.swift */,
				232C7EF82B68C40600451181 /* CarData.swift */,
				232C7EFA2B68C50300451181 /* CarStore.swift */,
				232C7EFC2B68C9DF00451181 /* CarDetail.swift */,
			);
			path = "list-demo";
			sourceTree = "<group>";
		};
		232C7F002B68CFF700451181 /* navigation-split-demo */ = {
			isa = PBXGroup;
			children = (
				232C7F012B68D01400451181 /* NavigationSplitDemoView.swift */,
				232C7F032B68D21B00451181 /* IconCategroy.swift */,
				232C7F052B68D28000451181 /* NavigationSplitIconsView.swift */,
			);
			path = "navigation-split-demo";
			sourceTree = "<group>";
		};
		232C7F0A2B68DBF900451181 /* outline-group-demo */ = {
			isa = PBXGroup;
			children = (
				232C7F0D2B68DC2F00451181 /* OutlineGroupDemoView.swift */,
				232C7F0F2B68DE8400451181 /* SettingView.swift */,
			);
			path = "outline-group-demo";
			sourceTree = "<group>";
		};
		232C7F112B68E10700451181 /* grid-demo */ = {
			isa = PBXGroup;
			children = (
				232C7F122B68E12500451181 /* GridDemoView.swift */,
				232C7F142B68E59800451181 /* GridDemoRowView.swift */,
			);
			path = "grid-demo";
			sourceTree = "<group>";
		};
		23975D132B67446D00F73D87 = {
			isa = PBXGroup;
			children = (
				23975D1E2B67446D00F73D87 /* swiftui-example */,
				23975D1D2B67446D00F73D87 /* Products */,
			);
			sourceTree = "<group>";
		};
		23975D1D2B67446D00F73D87 /* Products */ = {
			isa = PBXGroup;
			children = (
				23975D1C2B67446D00F73D87 /* swiftui-example.app */,
			);
			name = Products;
			sourceTree = "<group>";
		};
		23975D1E2B67446D00F73D87 /* swiftui-example */ = {
			isa = PBXGroup;
			children = (
				23975D362B6770A000F73D87 /* practice-base */,
				23975D372B6770D600F73D87 /* practice-demo-proj */,
				23975D232B67446E00F73D87 /* Assets.xcassets */,
				23975D252B67446E00F73D87 /* swiftui_example.entitlements */,
				23975D262B67446E00F73D87 /* Preview Content */,
			);
			path = "swiftui-example";
			sourceTree = "<group>";
		};
		23975D262B67446E00F73D87 /* Preview Content */ = {
			isa = PBXGroup;
			children = (
				23975D272B67446E00F73D87 /* Preview Assets.xcassets */,
			);
			path = "Preview Content";
			sourceTree = "<group>";
		};
		23975D362B6770A000F73D87 /* practice-base */ = {
			isa = PBXGroup;
			children = (
				23975D1F2B67446D00F73D87 /* swiftui_exampleApp.swift */,
				23975D212B67446D00F73D87 /* ContentView.swift */,
				23975D2E2B675F9B00F73D87 /* PracticeStackView.swift */,
				23975D302B67688F00F73D87 /* PracticeStatePropertyView.swift */,
				23975D322B676C1D00F73D87 /* DemoData.swift */,
				23975D342B676F2500F73D87 /* SpeedControlView.swift */,
			);
			path = "practice-base";
			sourceTree = "<group>";
		};
		23975D372B6770D600F73D87 /* practice-demo-proj */ = {
			isa = PBXGroup;
			children = (
				23D513AD2B69CFD800EBF4C7 /* draw-demo */,
				23D513AA2B69CE2A00EBF4C7 /* context-menu-demo */,
				23D513A72B69CBCB00EBF4C7 /* tabview-demo */,
				232C7F112B68E10700451181 /* grid-demo */,
				232C7F0A2B68DBF900451181 /* outline-group-demo */,
				232C7F002B68CFF700451181 /* navigation-split-demo */,
				232C7EED2B68B91D00451181 /* list-demo */,
				232C7EE82B689D9100451181 /* alignment-demo */,
				232C7EE12B68976A00451181 /* storage-demo */,
				232C7EDA2B688E5D00451181 /* observable-demo */,
				232C7ED32B68828F00451181 /* life-cycle-demo */,
				23975D382B67712F00F73D87 /* DemoProjectView.swift */,
				23975D3A2B6777B000F73D87 /* ConcurrncyDemoView.swift */,
				232C7ECD2B687BF800451181 /* ActorDemoView.swift */,
			);
			path = "practice-demo-proj";
			sourceTree = "<group>";
		};
		23D513A72B69CBCB00EBF4C7 /* tabview-demo */ = {
			isa = PBXGroup;
			children = (
				23D513A82B69CBEE00EBF4C7 /* TabViewDemoView.swift */,
			);
			path = "tabview-demo";
			sourceTree = "<group>";
		};
		23D513AA2B69CE2A00EBF4C7 /* context-menu-demo */ = {
			isa = PBXGroup;
			children = (
				23D513AB2B69CE4500EBF4C7 /* ContextMenuDemoView.swift */,
			);
			path = "context-menu-demo";
			sourceTree = "<group>";
		};
		23D513AD2B69CFD800EBF4C7 /* draw-demo */ = {
			isa = PBXGroup;
			children = (
				23D513AE2B69CFEA00EBF4C7 /* DrawDemoView.swift */,
			);
			path = "draw-demo";
			sourceTree = "<group>";
		};
/* End PBXGroup section */

/* Begin PBXNativeTarget section */
		23975D1B2B67446D00F73D87 /* swiftui-example */ = {
			isa = PBXNativeTarget;
			buildConfigurationList = 23975D2B2B67446E00F73D87 /* Build configuration list for PBXNativeTarget "swiftui-example" */;
			buildPhases = (
				23975D182B67446D00F73D87 /* Sources */,
				23975D192B67446D00F73D87 /* Frameworks */,
				23975D1A2B67446D00F73D87 /* Resources */,
			);
			buildRules = (
			);
			dependencies = (
			);
			name = "swiftui-example";
			productName = "swiftui-example";
			productReference = 23975D1C2B67446D00F73D87 /* swiftui-example.app */;
			productType = "com.apple.product-type.application";
		};
/* End PBXNativeTarget section */

/* Begin PBXProject section */
		23975D142B67446D00F73D87 /* Project object */ = {
			isa = PBXProject;
			attributes = {
				BuildIndependentTargetsInParallel = 1;
				LastSwiftUpdateCheck = 1510;
				LastUpgradeCheck = 1510;
				TargetAttributes = {
					23975D1B2B67446D00F73D87 = {
						CreatedOnToolsVersion = 15.1;
					};
				};
			};
			buildConfigurationList = 23975D172B67446D00F73D87 /* Build configuration list for PBXProject "swiftui-example" */;
			compatibilityVersion = "Xcode 14.0";
			developmentRegion = en;
			hasScannedForEncodings = 0;
			knownRegions = (
				en,
				Base,
			);
			mainGroup = 23975D132B67446D00F73D87;
			productRefGroup = 23975D1D2B67446D00F73D87 /* Products */;
			projectDirPath = "";
			projectRoot = "";
			targets = (
				23975D1B2B67446D00F73D87 /* swiftui-example */,
			);
		};
/* End PBXProject section */

/* Begin PBXResourcesBuildPhase section */
		23975D1A2B67446D00F73D87 /* Resources */ = {
			isa = PBXResourcesBuildPhase;
			buildActionMask = 2147483647;
			files = (
				232C7EF32B68C33900451181 /* carData.json in Resources */,
				23975D282B67446E00F73D87 /* Preview Assets.xcassets in Resources */,
				23975D242B67446E00F73D87 /* Assets.xcassets in Resources */,
				232C7EF12B68C30300451181 /* CarAssets.xcassets in Resources */,
			);
			runOnlyForDeploymentPostprocessing = 0;
		};
/* End PBXResourcesBuildPhase section */

/* Begin PBXSourcesBuildPhase section */
		23975D182B67446D00F73D87 /* Sources */ = {
			isa = PBXSourcesBuildPhase;
			buildActionMask = 2147483647;
			files = (
				23975D392B67712F00F73D87 /* DemoProjectView.swift in Sources */,
				23975D3B2B6777B000F73D87 /* ConcurrncyDemoView.swift in Sources */,
				232C7ED02B6881FF00451181 /* LifeCycleDemoView.swift in Sources */,
				232C7EEF2B68B93100451181 /* ListDemoView.swift in Sources */,
				232C7EF52B68C36200451181 /* CarListDemoView.swift in Sources */,
				232C7F102B68DE8400451181 /* SettingView.swift in Sources */,
				232C7EEA2B689DAD00451181 /* AlignmentDemoView.swift in Sources */,
				232C7ED92B6889F100451181 /* TimerData.swift in Sources */,
				232C7F132B68E12500451181 /* GridDemoView.swift in Sources */,
				232C7EFF2B68CBE500451181 /* AddNewCarView.swift in Sources */,
				23975D222B67446D00F73D87 /* ContentView.swift in Sources */,
				232C7EF92B68C40600451181 /* CarData.swift in Sources */,
				232C7EFB2B68C50300451181 /* CarStore.swift in Sources */,
				232C7EE32B68997100451181 /* StorageDemoView.swift in Sources */,
				232C7ED72B68834A00451181 /* SecondTabView.swift in Sources */,
				232C7EE52B6899D100451181 /* SceneStorageView.swift in Sources */,
				232C7ECE2B687BF800451181 /* ActorDemoView.swift in Sources */,
				23975D2F2B675F9B00F73D87 /* PracticeStackView.swift in Sources */,
				232C7EE02B6892A000451181 /* ObservableDemoSecondView.swift in Sources */,
				23975D352B676F2500F73D87 /* SpeedControlView.swift in Sources */,
				232C7F152B68E59800451181 /* GridDemoRowView.swift in Sources */,
				232C7EFD2B68C9DF00451181 /* CarDetail.swift in Sources */,
				232C7EE72B689A2000451181 /* AppStorageView.swift in Sources */,
				23975D312B67688F00F73D87 /* PracticeStatePropertyView.swift in Sources */,
				232C7F062B68D28000451181 /* NavigationSplitIconsView.swift in Sources */,
				232C7EF72B68C3BC00451181 /* Car.swift in Sources */,
				232C7ED22B68828500451181 /* FirstTabView.swift in Sources */,
				23975D202B67446D00F73D87 /* swiftui_exampleApp.swift in Sources */,
				232C7F0E2B68DC2F00451181 /* OutlineGroupDemoView.swift in Sources */,
				23D513A92B69CBEE00EBF4C7 /* TabViewDemoView.swift in Sources */,
				232C7F042B68D21B00451181 /* IconCategroy.swift in Sources */,
				232C7F022B68D01400451181 /* NavigationSplitDemoView.swift in Sources */,
				232C7EDE2B68920500451181 /* ObservableDemoView.swift in Sources */,
				23D513AF2B69CFEA00EBF4C7 /* DrawDemoView.swift in Sources */,
				232C7EEC2B68B08900451181 /* AlignmnetGuideTool.swift in Sources */,
				23D513AC2B69CE4500EBF4C7 /* ContextMenuDemoView.swift in Sources */,
				23975D332B676C1D00F73D87 /* DemoData.swift in Sources */,
			);
			runOnlyForDeploymentPostprocessing = 0;
		};
/* End PBXSourcesBuildPhase section */

/* Begin XCBuildConfiguration section */
		23975D292B67446E00F73D87 /* Debug */ = {
			isa = XCBuildConfiguration;
			buildSettings = {
				ALWAYS_SEARCH_USER_PATHS = NO;
				ASSETCATALOG_COMPILER_GENERATE_SWIFT_ASSET_SYMBOL_EXTENSIONS = YES;
				CLANG_ANALYZER_NONNULL = YES;
				CLANG_ANALYZER_NUMBER_OBJECT_CONVERSION = YES_AGGRESSIVE;
				CLANG_CXX_LANGUAGE_STANDARD = "gnu++20";
				CLANG_ENABLE_MODULES = YES;
				CLANG_ENABLE_OBJC_ARC = YES;
				CLANG_ENABLE_OBJC_WEAK = YES;
				CLANG_WARN_BLOCK_CAPTURE_AUTORELEASING = YES;
				CLANG_WARN_BOOL_CONVERSION = YES;
				CLANG_WARN_COMMA = YES;
				CLANG_WARN_CONSTANT_CONVERSION = YES;
				CLANG_WARN_DEPRECATED_OBJC_IMPLEMENTATIONS = YES;
				CLANG_WARN_DIRECT_OBJC_ISA_USAGE = YES_ERROR;
				CLANG_WARN_DOCUMENTATION_COMMENTS = YES;
				CLANG_WARN_EMPTY_BODY = YES;
				CLANG_WARN_ENUM_CONVERSION = YES;
				CLANG_WARN_INFINITE_RECURSION = YES;
				CLANG_WARN_INT_CONVERSION = YES;
				CLANG_WARN_NON_LITERAL_NULL_CONVERSION = YES;
				CLANG_WARN_OBJC_IMPLICIT_RETAIN_SELF = YES;
				CLANG_WARN_OBJC_LITERAL_CONVERSION = YES;
				CLANG_WARN_OBJC_ROOT_CLASS = YES_ERROR;
				CLANG_WARN_QUOTED_INCLUDE_IN_FRAMEWORK_HEADER = YES;
				CLANG_WARN_RANGE_LOOP_ANALYSIS = YES;
				CLANG_WARN_STRICT_PROTOTYPES = YES;
				CLANG_WARN_SUSPICIOUS_MOVE = YES;
				CLANG_WARN_UNGUARDED_AVAILABILITY = YES_AGGRESSIVE;
				CLANG_WARN_UNREACHABLE_CODE = YES;
				CLANG_WARN__DUPLICATE_METHOD_MATCH = YES;
				COPY_PHASE_STRIP = NO;
				DEBUG_INFORMATION_FORMAT = dwarf;
				ENABLE_STRICT_OBJC_MSGSEND = YES;
				ENABLE_TESTABILITY = YES;
				ENABLE_USER_SCRIPT_SANDBOXING = YES;
				GCC_C_LANGUAGE_STANDARD = gnu17;
				GCC_DYNAMIC_NO_PIC = NO;
				GCC_NO_COMMON_BLOCKS = YES;
				GCC_OPTIMIZATION_LEVEL = 0;
				GCC_PREPROCESSOR_DEFINITIONS = (
					"DEBUG=1",
					"$(inherited)",
				);
				GCC_WARN_64_TO_32_BIT_CONVERSION = YES;
				GCC_WARN_ABOUT_RETURN_TYPE = YES_ERROR;
				GCC_WARN_UNDECLARED_SELECTOR = YES;
				GCC_WARN_UNINITIALIZED_AUTOS = YES_AGGRESSIVE;
				GCC_WARN_UNUSED_FUNCTION = YES;
				GCC_WARN_UNUSED_VARIABLE = YES;
				LOCALIZATION_PREFERS_STRING_CATALOGS = YES;
				MTL_ENABLE_DEBUG_INFO = INCLUDE_SOURCE;
				MTL_FAST_MATH = YES;
				ONLY_ACTIVE_ARCH = YES;
				SWIFT_ACTIVE_COMPILATION_CONDITIONS = "DEBUG $(inherited)";
				SWIFT_OPTIMIZATION_LEVEL = "-Onone";
			};
			name = Debug;
		};
		23975D2A2B67446E00F73D87 /* Release */ = {
			isa = XCBuildConfiguration;
			buildSettings = {
				ALWAYS_SEARCH_USER_PATHS = NO;
				ASSETCATALOG_COMPILER_GENERATE_SWIFT_ASSET_SYMBOL_EXTENSIONS = YES;
				CLANG_ANALYZER_NONNULL = YES;
				CLANG_ANALYZER_NUMBER_OBJECT_CONVERSION = YES_AGGRESSIVE;
				CLANG_CXX_LANGUAGE_STANDARD = "gnu++20";
				CLANG_ENABLE_MODULES = YES;
				CLANG_ENABLE_OBJC_ARC = YES;
				CLANG_ENABLE_OBJC_WEAK = YES;
				CLANG_WARN_BLOCK_CAPTURE_AUTORELEASING = YES;
				CLANG_WARN_BOOL_CONVERSION = YES;
				CLANG_WARN_COMMA = YES;
				CLANG_WARN_CONSTANT_CONVERSION = YES;
				CLANG_WARN_DEPRECATED_OBJC_IMPLEMENTATIONS = YES;
				CLANG_WARN_DIRECT_OBJC_ISA_USAGE = YES_ERROR;
				CLANG_WARN_DOCUMENTATION_COMMENTS = YES;
				CLANG_WARN_EMPTY_BODY = YES;
				CLANG_WARN_ENUM_CONVERSION = YES;
				CLANG_WARN_INFINITE_RECURSION = YES;
				CLANG_WARN_INT_CONVERSION = YES;
				CLANG_WARN_NON_LITERAL_NULL_CONVERSION = YES;
				CLANG_WARN_OBJC_IMPLICIT_RETAIN_SELF = YES;
				CLANG_WARN_OBJC_LITERAL_CONVERSION = YES;
				CLANG_WARN_OBJC_ROOT_CLASS = YES_ERROR;
				CLANG_WARN_QUOTED_INCLUDE_IN_FRAMEWORK_HEADER = YES;
				CLANG_WARN_RANGE_LOOP_ANALYSIS = YES;
				CLANG_WARN_STRICT_PROTOTYPES = YES;
				CLANG_WARN_SUSPICIOUS_MOVE = YES;
				CLANG_WARN_UNGUARDED_AVAILABILITY = YES_AGGRESSIVE;
				CLANG_WARN_UNREACHABLE_CODE = YES;
				CLANG_WARN__DUPLICATE_METHOD_MATCH = YES;
				COPY_PHASE_STRIP = NO;
				DEBUG_INFORMATION_FORMAT = "dwarf-with-dsym";
				ENABLE_NS_ASSERTIONS = NO;
				ENABLE_STRICT_OBJC_MSGSEND = YES;
				ENABLE_USER_SCRIPT_SANDBOXING = YES;
				GCC_C_LANGUAGE_STANDARD = gnu17;
				GCC_NO_COMMON_BLOCKS = YES;
				GCC_WARN_64_TO_32_BIT_CONVERSION = YES;
				GCC_WARN_ABOUT_RETURN_TYPE = YES_ERROR;
				GCC_WARN_UNDECLARED_SELECTOR = YES;
				GCC_WARN_UNINITIALIZED_AUTOS = YES_AGGRESSIVE;
				GCC_WARN_UNUSED_FUNCTION = YES;
				GCC_WARN_UNUSED_VARIABLE = YES;
				LOCALIZATION_PREFERS_STRING_CATALOGS = YES;
				MTL_ENABLE_DEBUG_INFO = NO;
				MTL_FAST_MATH = YES;
				SWIFT_COMPILATION_MODE = wholemodule;
			};
			name = Release;
		};
		23975D2C2B67446E00F73D87 /* Debug */ = {
			isa = XCBuildConfiguration;
			buildSettings = {
				ASSETCATALOG_COMPILER_APPICON_NAME = AppIcon;
				ASSETCATALOG_COMPILER_GLOBAL_ACCENT_COLOR_NAME = AccentColor;
				CODE_SIGN_ENTITLEMENTS = "swiftui-example/swiftui_example.entitlements";
				CODE_SIGN_STYLE = Automatic;
				CURRENT_PROJECT_VERSION = 1;
				DEVELOPMENT_ASSET_PATHS = "\"swiftui-example/Preview Content\"";
				DEVELOPMENT_TEAM = 6HZXVG38W6;
				ENABLE_HARDENED_RUNTIME = YES;
				ENABLE_PREVIEWS = YES;
				GENERATE_INFOPLIST_FILE = YES;
				"INFOPLIST_KEY_UIApplicationSceneManifest_Generation[sdk=iphoneos*]" = YES;
				"INFOPLIST_KEY_UIApplicationSceneManifest_Generation[sdk=iphonesimulator*]" = YES;
				"INFOPLIST_KEY_UIApplicationSupportsIndirectInputEvents[sdk=iphoneos*]" = YES;
				"INFOPLIST_KEY_UIApplicationSupportsIndirectInputEvents[sdk=iphonesimulator*]" = YES;
				"INFOPLIST_KEY_UILaunchScreen_Generation[sdk=iphoneos*]" = YES;
				"INFOPLIST_KEY_UILaunchScreen_Generation[sdk=iphonesimulator*]" = YES;
				"INFOPLIST_KEY_UIStatusBarStyle[sdk=iphoneos*]" = UIStatusBarStyleDefault;
				"INFOPLIST_KEY_UIStatusBarStyle[sdk=iphonesimulator*]" = UIStatusBarStyleDefault;
				INFOPLIST_KEY_UISupportedInterfaceOrientations_iPad = "UIInterfaceOrientationPortrait UIInterfaceOrientationPortraitUpsideDown UIInterfaceOrientationLandscapeLeft UIInterfaceOrientationLandscapeRight";
				INFOPLIST_KEY_UISupportedInterfaceOrientations_iPhone = "UIInterfaceOrientationPortrait UIInterfaceOrientationLandscapeLeft UIInterfaceOrientationLandscapeRight";
				IPHONEOS_DEPLOYMENT_TARGET = 17.2;
				LD_RUNPATH_SEARCH_PATHS = "@executable_path/Frameworks";
				"LD_RUNPATH_SEARCH_PATHS[sdk=macosx*]" = "@executable_path/../Frameworks";
				MACOSX_DEPLOYMENT_TARGET = 14.2;
				MARKETING_VERSION = 1.0;
				PRODUCT_BUNDLE_IDENTIFIER = "com.reenact.swiftui-example";
				PRODUCT_NAME = "$(TARGET_NAME)";
				SDKROOT = auto;
				SUPPORTED_PLATFORMS = "iphoneos iphonesimulator macosx";
				SWIFT_EMIT_LOC_STRINGS = YES;
				SWIFT_VERSION = 5.0;
				TARGETED_DEVICE_FAMILY = "1,2";
			};
			name = Debug;
		};
		23975D2D2B67446E00F73D87 /* Release */ = {
			isa = XCBuildConfiguration;
			buildSettings = {
				ASSETCATALOG_COMPILER_APPICON_NAME = AppIcon;
				ASSETCATALOG_COMPILER_GLOBAL_ACCENT_COLOR_NAME = AccentColor;
				CODE_SIGN_ENTITLEMENTS = "swiftui-example/swiftui_example.entitlements";
				CODE_SIGN_STYLE = Automatic;
				CURRENT_PROJECT_VERSION = 1;
				DEVELOPMENT_ASSET_PATHS = "\"swiftui-example/Preview Content\"";
				DEVELOPMENT_TEAM = 6HZXVG38W6;
				ENABLE_HARDENED_RUNTIME = YES;
				ENABLE_PREVIEWS = YES;
				GENERATE_INFOPLIST_FILE = YES;
				"INFOPLIST_KEY_UIApplicationSceneManifest_Generation[sdk=iphoneos*]" = YES;
				"INFOPLIST_KEY_UIApplicationSceneManifest_Generation[sdk=iphonesimulator*]" = YES;
				"INFOPLIST_KEY_UIApplicationSupportsIndirectInputEvents[sdk=iphoneos*]" = YES;
				"INFOPLIST_KEY_UIApplicationSupportsIndirectInputEvents[sdk=iphonesimulator*]" = YES;
				"INFOPLIST_KEY_UILaunchScreen_Generation[sdk=iphoneos*]" = YES;
				"INFOPLIST_KEY_UILaunchScreen_Generation[sdk=iphonesimulator*]" = YES;
				"INFOPLIST_KEY_UIStatusBarStyle[sdk=iphoneos*]" = UIStatusBarStyleDefault;
				"INFOPLIST_KEY_UIStatusBarStyle[sdk=iphonesimulator*]" = UIStatusBarStyleDefault;
				INFOPLIST_KEY_UISupportedInterfaceOrientations_iPad = "UIInterfaceOrientationPortrait UIInterfaceOrientationPortraitUpsideDown UIInterfaceOrientationLandscapeLeft UIInterfaceOrientationLandscapeRight";
				INFOPLIST_KEY_UISupportedInterfaceOrientations_iPhone = "UIInterfaceOrientationPortrait UIInterfaceOrientationLandscapeLeft UIInterfaceOrientationLandscapeRight";
				IPHONEOS_DEPLOYMENT_TARGET = 17.2;
				LD_RUNPATH_SEARCH_PATHS = "@executable_path/Frameworks";
				"LD_RUNPATH_SEARCH_PATHS[sdk=macosx*]" = "@executable_path/../Frameworks";
				MACOSX_DEPLOYMENT_TARGET = 14.2;
				MARKETING_VERSION = 1.0;
				PRODUCT_BUNDLE_IDENTIFIER = "com.reenact.swiftui-example";
				PRODUCT_NAME = "$(TARGET_NAME)";
				SDKROOT = auto;
				SUPPORTED_PLATFORMS = "iphoneos iphonesimulator macosx";
				SWIFT_EMIT_LOC_STRINGS = YES;
				SWIFT_VERSION = 5.0;
				TARGETED_DEVICE_FAMILY = "1,2";
			};
			name = Release;
		};
/* End XCBuildConfiguration section */

/* Begin XCConfigurationList section */
		23975D172B67446D00F73D87 /* Build configuration list for PBXProject "swiftui-example" */ = {
			isa = XCConfigurationList;
			buildConfigurations = (
				23975D292B67446E00F73D87 /* Debug */,
				23975D2A2B67446E00F73D87 /* Release */,
			);
			defaultConfigurationIsVisible = 0;
			defaultConfigurationName = Release;
		};
		23975D2B2B67446E00F73D87 /* Build configuration list for PBXNativeTarget "swiftui-example" */ = {
			isa = XCConfigurationList;
			buildConfigurations = (
				23975D2C2B67446E00F73D87 /* Debug */,
				23975D2D2B67446E00F73D87 /* Release */,
			);
			defaultConfigurationIsVisible = 0;
			defaultConfigurationName = Release;
		};
/* End XCConfigurationList section */
	};
	rootObject = 23975D142B67446D00F73D87 /* Project object */;
}
